// !$*UTF8*$!
{
	archiveVersion = 1;
	classes = {
	};
	objectVersion = 77;
	objects = {

/* Begin PBXBuildFile section */
		022A24E26B0B9FE5FFBA5A00 /* MainMenuFactory.swift in Sources */ = {isa = PBXBuildFile; fileRef = BB6542A5ABB5359B62554549 /* MainMenuFactory.swift */; };
		03A3385706B678FB4BBDDD53 /* GitAppError.swift in Sources */ = {isa = PBXBuildFile; fileRef = 688088815E22C69E3E261FC6 /* GitAppError.swift */; };
		053F590CC587822B223681C9 /* CommitAuthorTests.swift in Sources */ = {isa = PBXBuildFile; fileRef = 192A96454E598808737D16E0 /* CommitAuthorTests.swift */; };
		06570D5350BD37FF3AD4D240 /* TopToolbar.swift in Sources */ = {isa = PBXBuildFile; fileRef = 1CE5A69B0D173FAFACDE8B17 /* TopToolbar.swift */; };
		0B70E4B232A489919DFD2A8D /* BranchesPopoverPresenter.swift in Sources */ = {isa = PBXBuildFile; fileRef = 7FF5680B344129B0313EA4BB /* BranchesPopoverPresenter.swift */; };
		0BA18DF864D15CFDAED11168 /* ChangedFile.swift in Sources */ = {isa = PBXBuildFile; fileRef = 140F9BC289D65C27C81626C3 /* ChangedFile.swift */; };
		0CB74D57E9EE37E51842A605 /* ConflictsDialogView.swift in Sources */ = {isa = PBXBuildFile; fileRef = 29E996BCB9A77CE186933B9A /* ConflictsDialogView.swift */; };
		0D10156983CDEAD1D8028C15 /* MainSplitViewController.swift in Sources */ = {isa = PBXBuildFile; fileRef = 3B9862F3E3D1ED946BCECE8B /* MainSplitViewController.swift */; };
		0F289CC34FD0E42837E036A9 /* GitIdentity.swift in Sources */ = {isa = PBXBuildFile; fileRef = 4A3F4A0CA64BCD672B6373F7 /* GitIdentity.swift */; };
		167EEFDDABB0B1DA01E5B5A1 /* GitIgnoreRule.swift in Sources */ = {isa = PBXBuildFile; fileRef = 1F7359520CE42AE23034942F /* GitIgnoreRule.swift */; };
		16B3A036EE43D92AEF34E172 /* RepositoryStoreViewModel+Sync.swift in Sources */ = {isa = PBXBuildFile; fileRef = 042A7C28B9C5091E15C4B1DE /* RepositoryStoreViewModel+Sync.swift */; };
		16ED59D3822B573503544E47 /* GitServices.swift in Sources */ = {isa = PBXBuildFile; fileRef = 33C76A1623B00897EB3A455A /* GitServices.swift */; };
		1A580C99DDD154DB9A95A35D /* MainContent.swift in Sources */ = {isa = PBXBuildFile; fileRef = 667A5002E410798E8258E45C /* MainContent.swift */; };
		1B3E8A70FCAD615E77D85191 /* DiffModels.swift in Sources */ = {isa = PBXBuildFile; fileRef = E954CB89CA50BFD3D375FDFB /* DiffModels.swift */; };
		1F1521CA6B02FB41DCF33090 /* BranchCompareViewModel.swift in Sources */ = {isa = PBXBuildFile; fileRef = F18AB1B40768A45D19090BC1 /* BranchCompareViewModel.swift */; };
		20A2D8948EBADB145DD24BE3 /* CommitDetailsHeader.swift in Sources */ = {isa = PBXBuildFile; fileRef = 43F8473A6E320E64E20BD22E /* CommitDetailsHeader.swift */; };
		235EB8CC28B075B0D8901076 /* BranchesViewModel.swift in Sources */ = {isa = PBXBuildFile; fileRef = 0A4C16FAB01CCCB5F17A3215 /* BranchesViewModel.swift */; };
		24F550F735A0244F5E44043A /* Repository.swift in Sources */ = {isa = PBXBuildFile; fileRef = BA9A380B1047F365ED06D571 /* Repository.swift */; };
		27B313EFCC71E6A7A2F676F7 /* GitRepositoryCreationService.swift in Sources */ = {isa = PBXBuildFile; fileRef = 54178C1D53528D899CAA715F /* GitRepositoryCreationService.swift */; };
		2F3996B7302D54332A1A538F /* RepositoryStoreViewModel+Branches.swift in Sources */ = {isa = PBXBuildFile; fileRef = 524A26089F0B88C2AF6E190A /* RepositoryStoreViewModel+Branches.swift */; };
		2FA448FA53296B3892464D5F /* CommitAuthor.swift in Sources */ = {isa = PBXBuildFile; fileRef = B01BE323E16520A814FEB22B /* CommitAuthor.swift */; };
		3081300194218518FA1D5CAF /* ToolbarCard.swift in Sources */ = {isa = PBXBuildFile; fileRef = 461528A469A10C9A19830C7F /* ToolbarCard.swift */; };
		3519A061C01D265A52A9C74D /* RenameBranchWindowController.swift in Sources */ = {isa = PBXBuildFile; fileRef = 9542A9DA2D094C46EB06B790 /* RenameBranchWindowController.swift */; };
		356535B82BC780EEE9D1DDA1 /* DeleteBranchWindowController.swift in Sources */ = {isa = PBXBuildFile; fileRef = 3A2692D7DF01D7940821D971 /* DeleteBranchWindowController.swift */; };
		36CA6A02B43CE104ACEA113C /* GitTagBranchIntegrationTests.swift in Sources */ = {isa = PBXBuildFile; fileRef = D41A04E8EBC27B96F3169DB9 /* GitTagBranchIntegrationTests.swift */; };
		3C1B6872BA6C2DBF7F6BAA99 /* CreateTagSheet.swift in Sources */ = {isa = PBXBuildFile; fileRef = A4ECE49A54B3CCFF691018E9 /* CreateTagSheet.swift */; };
		3CBCB7B688849FE6A7193DCA /* RepositoryStoreViewModel+Repository.swift in Sources */ = {isa = PBXBuildFile; fileRef = B1AA370CF2F82FECD9550390 /* RepositoryStoreViewModel+Repository.swift */; };
		3EDBD7B6EC36DD199A25F95B /* HistoryFilesColumn.swift in Sources */ = {isa = PBXBuildFile; fileRef = 9BF3D6D8ADA31DE2BB321AE8 /* HistoryFilesColumn.swift */; };
		406FE2A930238D6DC0DD9D90 /* Templates in Resources */ = {isa = PBXBuildFile; fileRef = 2C45EFB11649D0C593DBE901 /* Templates */; };
		407BC0A1B21335BC0222330C /* RepositorySettingsWindowController.swift in Sources */ = {isa = PBXBuildFile; fileRef = 2B487EB2B2D723358BBD46D1 /* RepositorySettingsWindowController.swift */; };
		4179CC37081B429301C5AEB0 /* RepositoryStoreViewModel.swift in Sources */ = {isa = PBXBuildFile; fileRef = 591AD1360E70403B68C7AB02 /* RepositoryStoreViewModel.swift */; };
		41D884D1C6FD3A39E20E3C8F /* DiffDocument.swift in Sources */ = {isa = PBXBuildFile; fileRef = E20C0A134D6994F3A0F85425 /* DiffDocument.swift */; };
		43CB5E2257A0F92772B17A19 /* GitConflictService.swift in Sources */ = {isa = PBXBuildFile; fileRef = 6687E6EF3406FA8A5EDFD545 /* GitConflictService.swift */; };
		447416D36CA617DB97537D26 /* GitConflictIntegrationTests.swift in Sources */ = {isa = PBXBuildFile; fileRef = 8BA58B773B9DC18A7A66C945 /* GitConflictIntegrationTests.swift */; };
		470AC8A2E3C124CBACB23972 /* StashAndSwitchSheetController.swift in Sources */ = {isa = PBXBuildFile; fileRef = DE196D55DF51978966416F86 /* StashAndSwitchSheetController.swift */; };
		47A89309917AA3BA3657BCAA /* CommitBox.swift in Sources */ = {isa = PBXBuildFile; fileRef = 5B4248858FB594DB21C699F3 /* CommitBox.swift */; };
		48C29DF35C918B17D730FD0B /* ChangedFileRow.swift in Sources */ = {isa = PBXBuildFile; fileRef = 43BDE70B9BB495B708637A27 /* ChangedFileRow.swift */; };
		49A56EC069F15E7FF4BB2A3D /* RepositoryBranchDisplayFormatter.swift in Sources */ = {isa = PBXBuildFile; fileRef = 929AAA80144761C3721355E0 /* RepositoryBranchDisplayFormatter.swift */; };
		49FF1FFC1ED8A2497EBE2E11 /* GitAppErrorMapperTests.swift in Sources */ = {isa = PBXBuildFile; fileRef = 21429E4A48469C34C9FC8EB5 /* GitAppErrorMapperTests.swift */; };
		4BEFAE817CEC9612DCA300BA /* CommitWarningKind.swift in Sources */ = {isa = PBXBuildFile; fileRef = CF6841A11B254A0F22B65BA2 /* CommitWarningKind.swift */; };
		4E2D1311208F99F80D2CD137 /* GitIgnoreRuleTests.swift in Sources */ = {isa = PBXBuildFile; fileRef = 219AA33A0DEF90EABD2578B2 /* GitIgnoreRuleTests.swift */; };
		52C14F20E7E231B37A240259 /* CloneRepositoryWindowController.swift in Sources */ = {isa = PBXBuildFile; fileRef = 43E57041D5F40A370F96231D /* CloneRepositoryWindowController.swift */; };
		5371B7085CFDA45B952B7B39 /* RepositoryCreationOrchestrator.swift in Sources */ = {isa = PBXBuildFile; fileRef = A5BC5031377D20B9A1850670 /* RepositoryCreationOrchestrator.swift */; };
		5440034BE796D7DC7A2E0751 /* CreateBranchFromCommitSheet.swift in Sources */ = {isa = PBXBuildFile; fileRef = 7BFDB9D60A5FFC27B8E2740B /* CreateBranchFromCommitSheet.swift */; };
		544DEF7E35F7C01A250EB142 /* GitDiffProvider.swift in Sources */ = {isa = PBXBuildFile; fileRef = 28290DA7F12A2D9D3BF76D5A /* GitDiffProvider.swift */; };
		55235049E9EACB77FE66BFAC /* GimMac.icns in Resources */ = {isa = PBXBuildFile; fileRef = 51360A55E8768DDFCF39F1F5 /* GimMac.icns */; };
		55D0A0BC8E7AC940038CEA89 /* AppLogging.swift in Sources */ = {isa = PBXBuildFile; fileRef = 8B77B07E0AD271FFCDD2814C /* AppLogging.swift */; };
		5746DAC32585056158553F70 /* CreateRepositorySheet.swift in Sources */ = {isa = PBXBuildFile; fileRef = 8C34BA37853FD057E0BEFC45 /* CreateRepositorySheet.swift */; };
		57AC6397DA3F0E264E8973FB /* RepositoryScreen.swift in Sources */ = {isa = PBXBuildFile; fileRef = F2F5AD01EE347AC378945741 /* RepositoryScreen.swift */; };
		594B2BAC2FA6AE49E7B1AF10 /* ArchitectureBoundaryTests.swift in Sources */ = {isa = PBXBuildFile; fileRef = 490F1367EED79749B9D7C6A6 /* ArchitectureBoundaryTests.swift */; };
		5955D071D76558D818F59817 /* ChangedFilesColumn.swift in Sources */ = {isa = PBXBuildFile; fileRef = 4889D78793C71372AF4D047F /* ChangedFilesColumn.swift */; };
		5BD112BE11E9061361BD0506 /* FileRepositoryScaffolding.swift in Sources */ = {isa = PBXBuildFile; fileRef = B3A8FEE8EDD8376886650698 /* FileRepositoryScaffolding.swift */; };
		5D916C61CF528FA6DD403020 /* SuggestionCard.swift in Sources */ = {isa = PBXBuildFile; fileRef = CED23E0EABDC7DE1E756ACB3 /* SuggestionCard.swift */; };
		5E6BF953D62978662B5C031F /* CommitFormHandler.swift in Sources */ = {isa = PBXBuildFile; fileRef = EFF4467627FF1C7DDAFD922B /* CommitFormHandler.swift */; };
		5F4227E2A1F48710E3330767 /* CoreDataRepositoryPersistence.swift in Sources */ = {isa = PBXBuildFile; fileRef = C04E05429178DE9BB25CFB3D /* CoreDataRepositoryPersistence.swift */; };
		5F4A46C190A6DEA448D0C2E6 /* BundledRepositoryTemplateCatalog.swift in Sources */ = {isa = PBXBuildFile; fileRef = EA19FE797B77FB6AD3F766E5 /* BundledRepositoryTemplateCatalog.swift */; };
		61527E9F167FF671A96E7CFA /* SwiftyDiffUnifiedParser.swift in Sources */ = {isa = PBXBuildFile; fileRef = 3FC80E035BEA6BEEDF2F2CDE /* SwiftyDiffUnifiedParser.swift */; };
		660DB8EC442A01B0A0509724 /* GitLFSService.swift in Sources */ = {isa = PBXBuildFile; fileRef = B3185F2215E203BD4C78B8E6 /* GitLFSService.swift */; };
		67F0D64BE8E1E34DAF15939F /* DiffHeader.swift in Sources */ = {isa = PBXBuildFile; fileRef = 71476988EAF726FA840122E3 /* DiffHeader.swift */; };
		6AA878C1F3F788AC87A00302 /* PushToolbarCard.swift in Sources */ = {isa = PBXBuildFile; fileRef = DE3C70BA944DCA559CD117C8 /* PushToolbarCard.swift */; };
		714581B2B22C35411F032DDC /* ConflictedFileStatus.swift in Sources */ = {isa = PBXBuildFile; fileRef = A5BD5DB86D5B54300309D29B /* ConflictedFileStatus.swift */; };
		739FA2FDF304E69B60AB46A9 /* CommitHistorySidebar.swift in Sources */ = {isa = PBXBuildFile; fileRef = 5F306C38AE0C5C264C5B921D /* CommitHistorySidebar.swift */; };
		7447622DCDF079846B22EB79 /* OnboardingWindowController.swift in Sources */ = {isa = PBXBuildFile; fileRef = 1CE404DF5578B277447B0032 /* OnboardingWindowController.swift */; };
		7448399F28D21D736A8E7848 /* GitAppErrorMapper.swift in Sources */ = {isa = PBXBuildFile; fileRef = 18EA41DE1F4131AB6797E58B /* GitAppErrorMapper.swift */; };
		7654AF891581F7F37FEF35AE /* LocalGitRepositoryInspector.swift in Sources */ = {isa = PBXBuildFile; fileRef = F05718ABFBE961B085432A32 /* LocalGitRepositoryInspector.swift */; };
		765549CDAB25A49E3C983D04 /* ChangedFilesHandler.swift in Sources */ = {isa = PBXBuildFile; fileRef = A95E7E6E1E897A84CDDD67A8 /* ChangedFilesHandler.swift */; };
		7673E59DC70D6EFB384F3BA0 /* RepositoryStoreViewModel+Discard.swift in Sources */ = {isa = PBXBuildFile; fileRef = E42A8B8E1FEB6F7354CCF54D /* RepositoryStoreViewModel+Discard.swift */; };
		7780894A03E58CA26D95A7FE /* ReorderCommitsSheet.swift in Sources */ = {isa = PBXBuildFile; fileRef = AD078CE2659B67682AB58C89 /* ReorderCommitsSheet.swift */; };
		7A4B0E20D99CA0BCADFA70B3 /* OnboardingViewModel.swift in Sources */ = {isa = PBXBuildFile; fileRef = 7B3DBB600DA9ACF8D34E4E85 /* OnboardingViewModel.swift */; };
		7DF2CA047092250E8B872184 /* UpdateFromDefaultSheetController.swift in Sources */ = {isa = PBXBuildFile; fileRef = 4181F987D496367AAFD6293E /* UpdateFromDefaultSheetController.swift */; };
		7FABD62E9C629F62BB139FE5 /* LogEntry.swift in Sources */ = {isa = PBXBuildFile; fileRef = 2012A84EB7447363386F3DFD /* LogEntry.swift */; };
		80A754714D15D7005F2AD5C3 /* DiffLineRow.swift in Sources */ = {isa = PBXBuildFile; fileRef = ACE0A58161344B91AB47E165 /* DiffLineRow.swift */; };
		81A0A40824F78B4952F26C1F /* CreateBranchWindowController.swift in Sources */ = {isa = PBXBuildFile; fileRef = BD9DB7E6D1D3EA6BB4902219 /* CreateBranchWindowController.swift */; };
		86966AB89FA220F20845BA58 /* GitPhase3IntegrationTests.swift in Sources */ = {isa = PBXBuildFile; fileRef = 29F33A3975827EA847F9EB18 /* GitPhase3IntegrationTests.swift */; };
		869FDFFAF8E9AD385AF612A3 /* GitCommitProviderCoAuthorTests.swift in Sources */ = {isa = PBXBuildFile; fileRef = B1C80F6152920E55E31CDF72 /* GitCommitProviderCoAuthorTests.swift */; };
		86A75A0C4072A191D0E759F7 /* GimMacLogger.swift in Sources */ = {isa = PBXBuildFile; fileRef = 42E56492ADBE75183B4DE0EE /* GimMacLogger.swift */; };
		8F9066EE1459147D0969D273 /* GitBranchOperator.swift in Sources */ = {isa = PBXBuildFile; fileRef = 2648E3C22DC16B1A73AB0B9D /* GitBranchOperator.swift */; };
		8FC2DD2804FEA9F0EF0102D0 /* LogLevel.swift in Sources */ = {isa = PBXBuildFile; fileRef = 18BFACAA79D97A617553FBEE /* LogLevel.swift */; };
		92CF4AA55D10042089A23BE3 /* RepositoryStoreViewModel+Stash.swift in Sources */ = {isa = PBXBuildFile; fileRef = EA17D8D594AE5C701668E36D /* RepositoryStoreViewModel+Stash.swift */; };
		959E9D5B74E8540184AAE818 /* FileRepositoryScaffoldingTests.swift in Sources */ = {isa = PBXBuildFile; fileRef = 674DB12412EBD2B2DCB6516B /* FileRepositoryScaffoldingTests.swift */; };
		968DEC7BC36B8C4FD42E1D1B /* GitHistoryEditIntegrationTests.swift in Sources */ = {isa = PBXBuildFile; fileRef = 124AF3C8B9B84A87C77B36DD /* GitHistoryEditIntegrationTests.swift */; };
		97172C732A2FE839131ACD5D /* RepositoryStoreViewModel+Commit.swift in Sources */ = {isa = PBXBuildFile; fileRef = DF031E8D251F228803E7F578 /* RepositoryStoreViewModel+Commit.swift */; };
		977DB37579B9A69D7460D4B0 /* main.swift in Sources */ = {isa = PBXBuildFile; fileRef = 910DD8BF45DEAF9BF4D48233 /* main.swift */; };
		97951A938E26F0CE385C17FD /* GimMacUITests.swift in Sources */ = {isa = PBXBuildFile; fileRef = DB6AF397C724F73312DE57FF /* GimMacUITests.swift */; };
		9817D2506F3A6569CB3D802C /* GitBranchReader.swift in Sources */ = {isa = PBXBuildFile; fileRef = 33A4C48664A15FC23E7784E5 /* GitBranchReader.swift */; };
		9A60EB4A46A24C0A8706BD4B /* DiffViewer.swift in Sources */ = {isa = PBXBuildFile; fileRef = A7BDBE7EF770328511CD10A2 /* DiffViewer.swift */; };
		9B3F5F7957877D88DA4F7331 /* AboutWindowFactory.swift in Sources */ = {isa = PBXBuildFile; fileRef = 8BB25F6B0DD533DBC266B5D6 /* AboutWindowFactory.swift */; };
		9B82338E28912D0E6E5A6796 /* GitBranchCompareReader.swift in Sources */ = {isa = PBXBuildFile; fileRef = 556F2E06682D31F8E99B8C55 /* GitBranchCompareReader.swift */; };
		9B8C3F811A79DCF420414F12 /* GitLogParser.swift in Sources */ = {isa = PBXBuildFile; fileRef = 37B40F6BB68054D414D59F05 /* GitLogParser.swift */; };
		9DDE4F0ACF6E856AE90F763A /* GitServiceProtocols.swift in Sources */ = {isa = PBXBuildFile; fileRef = C4F98FA5271D781F72B4643F /* GitServiceProtocols.swift */; };
		9DEC6D1DD9E83DFFFA21D519 /* SettingsWindowController.swift in Sources */ = {isa = PBXBuildFile; fileRef = 9655E44CB8F5F71A68596DF6 /* SettingsWindowController.swift */; };
		9FBDA198D1C6B4BD39EAFB1B /* CompareBranchWindowController.swift in Sources */ = {isa = PBXBuildFile; fileRef = 11312C5FCDAC7E2B6D890B96 /* CompareBranchWindowController.swift */; };
		A1364B4855C87BEEECF656DE /* ProcessGitClientTests.swift in Sources */ = {isa = PBXBuildFile; fileRef = EAFCF6AA8F98D0461CA70DD6 /* ProcessGitClientTests.swift */; };
		A37E0D6EF2C9522A70B4885E /* BranchesTab.swift in Sources */ = {isa = PBXBuildFile; fileRef = 2578664A223E359BE33FB4B6 /* BranchesTab.swift */; };
		A50BE3ACD9620D1CA2492E8C /* RepositoryScreenSnapshot.swift in Sources */ = {isa = PBXBuildFile; fileRef = 11BDDBD82216E15AC739693F /* RepositoryScreenSnapshot.swift */; };
		A550717C59A4A88C3521F702 /* DiffHandler.swift in Sources */ = {isa = PBXBuildFile; fileRef = 23C9C3EE75020290C734BBE1 /* DiffHandler.swift */; };
		A696117D58485BCF8D53B037 /* CommitRow.swift in Sources */ = {isa = PBXBuildFile; fileRef = 3C33D69C1AB4F9C4A665559D /* CommitRow.swift */; };
		A6B3919526D8B4436A7AF5E1 /* GitClientProtocol.swift in Sources */ = {isa = PBXBuildFile; fileRef = 9E590CFF236A4BC6D8D3F55B /* GitClientProtocol.swift */; };
		A774B1ADF13707C7AD771B4B /* DirtyWorkingTreeAction.swift in Sources */ = {isa = PBXBuildFile; fileRef = A4A112BFDC9D441A7E0B13D3 /* DirtyWorkingTreeAction.swift */; };
		AA3F79E7C73EC97D52E2EB32 /* HeaderSection.swift in Sources */ = {isa = PBXBuildFile; fileRef = 1B8FE2F2F033C81E8CFF030A /* HeaderSection.swift */; };
		B0AD9B4A54B735A35ED48267 /* Assets.xcassets in Resources */ = {isa = PBXBuildFile; fileRef = 25B57C69324148C1CF9426CA /* Assets.xcassets */; };
		B1F4227542EE9BF66AA90A4B /* Branch.swift in Sources */ = {isa = PBXBuildFile; fileRef = 6B06BFBCF989C3DD65C2518E /* Branch.swift */; };
		B23118094A59182874EBAFDB /* BranchCompareResult.swift in Sources */ = {isa = PBXBuildFile; fileRef = B610DD11A31CD0323A8E59AA /* BranchCompareResult.swift */; };
		B313FDA4564BFD46A2F41BCD /* GitCommandBuilder.swift in Sources */ = {isa = PBXBuildFile; fileRef = 52579E8D4B560E49308DA3AB /* GitCommandBuilder.swift */; };
		B731CE29643E81F9B23E2846 /* RepositoryStoreViewModel+RepositoryManagement.swift in Sources */ = {isa = PBXBuildFile; fileRef = 1CB2F48DAD390B621827D467 /* RepositoryStoreViewModel+RepositoryManagement.swift */; };
		B773165A05092A095C02B39A /* Sidebar.swift in Sources */ = {isa = PBXBuildFile; fileRef = 0568DA8DB239E2DA789306D2 /* Sidebar.swift */; };
		B83A797C049BFB510E712D10 /* RepositoryStoreViewModel+History.swift in Sources */ = {isa = PBXBuildFile; fileRef = 6014926B5CCC27D4755968C1 /* RepositoryStoreViewModel+History.swift */; };
		BE0369C6FA6F50DB29D617EA /* RepositoryCreationIntegrationTests.swift in Sources */ = {isa = PBXBuildFile; fileRef = 102E2C526924299D5DB2AACF /* RepositoryCreationIntegrationTests.swift */; };
		BF5F71EF2E43A8654E2F659F /* RepositoryStoreViewModelTests.swift in Sources */ = {isa = PBXBuildFile; fileRef = 40544E3542DD0D5C3B33439B /* RepositoryStoreViewModelTests.swift */; };
		BFA7E8FFB07973F3E7D4F2CB /* Commit.swift in Sources */ = {isa = PBXBuildFile; fileRef = 5689874181C47B557A87331A /* Commit.swift */; };
		C022150B68DE2E84D3ED582C /* LogCategory.swift in Sources */ = {isa = PBXBuildFile; fileRef = 509DBDF3BF41ECA1825C20CF /* LogCategory.swift */; };
		C0DE07B7816343A0AEFD2670 /* OnboardingView.swift in Sources */ = {isa = PBXBuildFile; fileRef = 05D0421413D8FD75722B8E2B /* OnboardingView.swift */; };
		C453E4B1935670DBC1E7373E /* BranchForEachRefParser.swift in Sources */ = {isa = PBXBuildFile; fileRef = 24B3BA186DFD33083E2817A7 /* BranchForEachRefParser.swift */; };
		C7A06CAED0E05DCE3C8A9FC3 /* ProcessGitClient.swift in Sources */ = {isa = PBXBuildFile; fileRef = 22662C552CF683893665CA23 /* ProcessGitClient.swift */; };
		C7E03F4BE861F2FF2F4139F7 /* BranchDialogPresenter.swift in Sources */ = {isa = PBXBuildFile; fileRef = DFC526554D66474D19EBFA0C /* BranchDialogPresenter.swift */; };
		CAAE9FC6E9B64B0DE72E89C8 /* RepositoryInspecting.swift in Sources */ = {isa = PBXBuildFile; fileRef = 400E2EE559B4BA3E5C092DF1 /* RepositoryInspecting.swift */; };
		CC90A94D90711A1362847BFE /* CommitFile.swift in Sources */ = {isa = PBXBuildFile; fileRef = 5089BDD1D5E147B9A5C02AAF /* CommitFile.swift */; };
		D117BA663D149472A836CFD8 /* StashEntry.swift in Sources */ = {isa = PBXBuildFile; fileRef = 27D1391BA91CD8E3D3385AC7 /* StashEntry.swift */; };
		D1421F2FC20AF50BCB84D294 /* ExternalEditor.swift in Sources */ = {isa = PBXBuildFile; fileRef = E0C1F917AF07C377CBF4D455 /* ExternalEditor.swift */; };
		D1B9711D86F414E45A9E43DE /* BranchesViewController.swift in Sources */ = {isa = PBXBuildFile; fileRef = ED45B5AFC030C91496195822 /* BranchesViewController.swift */; };
		D32569393823AEF46373CFA5 /* GitConfigService.swift in Sources */ = {isa = PBXBuildFile; fileRef = 5DC1F8C44B3E07C97F7E1EB2 /* GitConfigService.swift */; };
		D3F4C9FCC494263AF9236E3C /* GitRemoteSyncService.swift in Sources */ = {isa = PBXBuildFile; fileRef = 8164BAB738A28B3AD361BF18 /* GitRemoteSyncService.swift */; };
		D470EA3E7F08814C0D3B9C33 /* GitRemoteService.swift in Sources */ = {isa = PBXBuildFile; fileRef = 20ED1D8506C9D24183B1FB37 /* GitRemoteService.swift */; };
		D6EB454B0DC336F0931BAC7F /* NSWorkspaceExternalEditorService.swift in Sources */ = {isa = PBXBuildFile; fileRef = 6655AF93BA8D54057D37D213 /* NSWorkspaceExternalEditorService.swift */; };
		DB29E62C6988A51FE187864A /* Tip.swift in Sources */ = {isa = PBXBuildFile; fileRef = 30F65A9D98733A705F93FA2B /* Tip.swift */; };
		DE814028E633488359850DEF /* RepositoryStoreViewModel+Ignore.swift in Sources */ = {isa = PBXBuildFile; fileRef = EBD47E517FB0BF6947E182C8 /* RepositoryStoreViewModel+Ignore.swift */; };
		E03E38564B29D29B774F98DD /* LiveRepositoryScreenDataRepository.swift in Sources */ = {isa = PBXBuildFile; fileRef = 10534DBE9C237DE3F70BE90F /* LiveRepositoryScreenDataRepository.swift */; };
		E083C27A677B13228E2C8534 /* ResetToCommitSheet.swift in Sources */ = {isa = PBXBuildFile; fileRef = 7B6E11988D06FE6D135D4DDC /* ResetToCommitSheet.swift */; };
		E0CAC237F4B58C8BDC31022E /* BundledRepositoryTemplateCatalogTests.swift in Sources */ = {isa = PBXBuildFile; fileRef = A8E07446E524E51537598A4C /* BundledRepositoryTemplateCatalogTests.swift */; };
		E22F290839FA7F4EE9A416A7 /* BranchStartPoint.swift in Sources */ = {isa = PBXBuildFile; fileRef = A2DC1AB813C8262DA577C814 /* BranchStartPoint.swift */; };
		E2CA9529F04481D95C4B3382 /* GitMergeService.swift in Sources */ = {isa = PBXBuildFile; fileRef = 10384E2D2B93DDDDB2253DEC /* GitMergeService.swift */; };
		E34BE2EEA62554CCFC54F041 /* RepositorySettingsViewModel.swift in Sources */ = {isa = PBXBuildFile; fileRef = DD57666958EDEECB89A72C07 /* RepositorySettingsViewModel.swift */; };
		E4B88586A72C4ACA56DE7E3D /* SquashCommitsSheet.swift in Sources */ = {isa = PBXBuildFile; fileRef = 90ED71D1C6B402BB1787D064 /* SquashCommitsSheet.swift */; };
		E61804EBB188EAF1B0114D4B /* GitIgnoreProvider.swift in Sources */ = {isa = PBXBuildFile; fileRef = 4BF3C33E4CC23A2235621D84 /* GitIgnoreProvider.swift */; };
		E6EABDC467D6CC7D316C3A2B /* GitBranchUpstreamReader.swift in Sources */ = {isa = PBXBuildFile; fileRef = 3A82EEBAD21C491119F1FACD /* GitBranchUpstreamReader.swift */; };
		E81B75E85960516961FAC83D /* GitResetReorderIntegrationTests.swift in Sources */ = {isa = PBXBuildFile; fileRef = 6230084B64BB0D9C93D6B63E /* GitResetReorderIntegrationTests.swift */; };
		EAACEA8F924D7C2C8F54DA06 /* CreateRepositoryWindowController.swift in Sources */ = {isa = PBXBuildFile; fileRef = AE0E3C6E2AB76582D9742B8D /* CreateRepositoryWindowController.swift */; };
		EEEF6020A4DC52FEB29FA351 /* HistoryHandler.swift in Sources */ = {isa = PBXBuildFile; fileRef = 6DDFBF42126A6CCC8586C053 /* HistoryHandler.swift */; };
		EF6A0F43E7CE9E7E67078FD6 /* RepositoryCreation.swift in Sources */ = {isa = PBXBuildFile; fileRef = 1898500D92E633D86C099970 /* RepositoryCreation.swift */; };
		F002BA984783039A004823B1 /* GitIgnoreProviderTests.swift in Sources */ = {isa = PBXBuildFile; fileRef = 7622D80A569F509D6D07568D /* GitIgnoreProviderTests.swift */; };
		F0E0A27F3AE13E68741D971B /* BranchCellView.swift in Sources */ = {isa = PBXBuildFile; fileRef = 5B6F3A9BBA324D90463078D6 /* BranchCellView.swift */; };
		F39A7444D24AEE0D4750C32E /* AppDelegate.swift in Sources */ = {isa = PBXBuildFile; fileRef = 34766F4D30AA24564E582EC0 /* AppDelegate.swift */; };
		F46D22D069E5636CE7E32AC8 /* GitCommandBuilderTests.swift in Sources */ = {isa = PBXBuildFile; fileRef = F312347292B868D7FD58BF48 /* GitCommandBuilderTests.swift */; };
		F4DE69CD76C604DFA986C08C /* GitSmokeIntegrationTests.swift in Sources */ = {isa = PBXBuildFile; fileRef = 685CA9B92D7980F3228BC721 /* GitSmokeIntegrationTests.swift */; };
		F8E70F88AD50B8DA3C281787 /* RepositoryStoreViewModel+FileActions.swift in Sources */ = {isa = PBXBuildFile; fileRef = E685C20FBDF9CC7D583A2EC8 /* RepositoryStoreViewModel+FileActions.swift */; };
		F97C927DB82BBA1DADE446AF /* GitStatusParser.swift in Sources */ = {isa = PBXBuildFile; fileRef = 30C49429B67C56B6E56AA60A /* GitStatusParser.swift */; };
		FB81EA402E8ABEFF5E4C7DE4 /* RepositoryStoreViewModel+Conflicts.swift in Sources */ = {isa = PBXBuildFile; fileRef = 992D7FC3E660DACB579775A7 /* RepositoryStoreViewModel+Conflicts.swift */; };
		FBC9EA0EFB36E21C914041DC /* HistoryRepositoryScreen.swift in Sources */ = {isa = PBXBuildFile; fileRef = 42FC0133BD91FBF54A2AD9FE /* HistoryRepositoryScreen.swift */; };
		FC50A242EEF3D8C0ACF96D80 /* GitRebaseService.swift in Sources */ = {isa = PBXBuildFile; fileRef = 6F7ED9082C497589ADBDFEFA /* GitRebaseService.swift */; };
		FF5C2DD3BFD27308ED3F61F2 /* GitUpdateFromDefaultService.swift in Sources */ = {isa = PBXBuildFile; fileRef = 47198F735F04600F7DC69E13 /* GitUpdateFromDefaultService.swift */; };
/* End PBXBuildFile section */

/* Begin PBXContainerItemProxy section */
		074600EFB53BDC96DA627694 /* PBXContainerItemProxy */ = {
			isa = PBXContainerItemProxy;
			containerPortal = B9F618E025F935A140EF17AE /* Project object */;
			proxyType = 1;
			remoteGlobalIDString = 733F94097C89678D355D2750;
			remoteInfo = GimMac;
		};
		AFB5D4D9A1D340714D0E03C7 /* PBXContainerItemProxy */ = {
			isa = PBXContainerItemProxy;
			containerPortal = B9F618E025F935A140EF17AE /* Project object */;
			proxyType = 1;
			remoteGlobalIDString = 733F94097C89678D355D2750;
			remoteInfo = GimMac;
		};
		E726349E445375373B2070DD /* PBXContainerItemProxy */ = {
			isa = PBXContainerItemProxy;
			containerPortal = B9F618E025F935A140EF17AE /* Project object */;
			proxyType = 1;
			remoteGlobalIDString = 733F94097C89678D355D2750;
			remoteInfo = GimMac;
		};
/* End PBXContainerItemProxy section */

/* Begin PBXFileReference section */
		042A7C28B9C5091E15C4B1DE /* RepositoryStoreViewModel+Sync.swift */ = {isa = PBXFileReference; lastKnownFileType = sourcecode.swift; path = "RepositoryStoreViewModel+Sync.swift"; sourceTree = "<group>"; };
		0568DA8DB239E2DA789306D2 /* Sidebar.swift */ = {isa = PBXFileReference; lastKnownFileType = sourcecode.swift; path = Sidebar.swift; sourceTree = "<group>"; };
		05D0421413D8FD75722B8E2B /* OnboardingView.swift */ = {isa = PBXFileReference; lastKnownFileType = sourcecode.swift; path = OnboardingView.swift; sourceTree = "<group>"; };
		0A4C16FAB01CCCB5F17A3215 /* BranchesViewModel.swift */ = {isa = PBXFileReference; lastKnownFileType = sourcecode.swift; path = BranchesViewModel.swift; sourceTree = "<group>"; };
		102E2C526924299D5DB2AACF /* RepositoryCreationIntegrationTests.swift */ = {isa = PBXFileReference; lastKnownFileType = sourcecode.swift; path = RepositoryCreationIntegrationTests.swift; sourceTree = "<group>"; };
		10384E2D2B93DDDDB2253DEC /* GitMergeService.swift */ = {isa = PBXFileReference; lastKnownFileType = sourcecode.swift; path = GitMergeService.swift; sourceTree = "<group>"; };
		10534DBE9C237DE3F70BE90F /* LiveRepositoryScreenDataRepository.swift */ = {isa = PBXFileReference; lastKnownFileType = sourcecode.swift; path = LiveRepositoryScreenDataRepository.swift; sourceTree = "<group>"; };
		11312C5FCDAC7E2B6D890B96 /* CompareBranchWindowController.swift */ = {isa = PBXFileReference; lastKnownFileType = sourcecode.swift; path = CompareBranchWindowController.swift; sourceTree = "<group>"; };
		11BDDBD82216E15AC739693F /* RepositoryScreenSnapshot.swift */ = {isa = PBXFileReference; lastKnownFileType = sourcecode.swift; path = RepositoryScreenSnapshot.swift; sourceTree = "<group>"; };
		124AF3C8B9B84A87C77B36DD /* GitHistoryEditIntegrationTests.swift */ = {isa = PBXFileReference; lastKnownFileType = sourcecode.swift; path = GitHistoryEditIntegrationTests.swift; sourceTree = "<group>"; };
		140F9BC289D65C27C81626C3 /* ChangedFile.swift */ = {isa = PBXFileReference; lastKnownFileType = sourcecode.swift; path = ChangedFile.swift; sourceTree = "<group>"; };
		1898500D92E633D86C099970 /* RepositoryCreation.swift */ = {isa = PBXFileReference; lastKnownFileType = sourcecode.swift; path = RepositoryCreation.swift; sourceTree = "<group>"; };
		18BFACAA79D97A617553FBEE /* LogLevel.swift */ = {isa = PBXFileReference; lastKnownFileType = sourcecode.swift; path = LogLevel.swift; sourceTree = "<group>"; };
		18EA41DE1F4131AB6797E58B /* GitAppErrorMapper.swift */ = {isa = PBXFileReference; lastKnownFileType = sourcecode.swift; path = GitAppErrorMapper.swift; sourceTree = "<group>"; };
		192A96454E598808737D16E0 /* CommitAuthorTests.swift */ = {isa = PBXFileReference; lastKnownFileType = sourcecode.swift; path = CommitAuthorTests.swift; sourceTree = "<group>"; };
		1AF68AC660D8556DB05EFE41 /* GimMacIntegrationTests.xctest */ = {isa = PBXFileReference; explicitFileType = wrapper.cfbundle; includeInIndex = 0; path = GimMacIntegrationTests.xctest; sourceTree = BUILT_PRODUCTS_DIR; };
		1B8FE2F2F033C81E8CFF030A /* HeaderSection.swift */ = {isa = PBXFileReference; lastKnownFileType = sourcecode.swift; path = HeaderSection.swift; sourceTree = "<group>"; };
		1CB2F48DAD390B621827D467 /* RepositoryStoreViewModel+RepositoryManagement.swift */ = {isa = PBXFileReference; lastKnownFileType = sourcecode.swift; path = "RepositoryStoreViewModel+RepositoryManagement.swift"; sourceTree = "<group>"; };
		1CE404DF5578B277447B0032 /* OnboardingWindowController.swift */ = {isa = PBXFileReference; lastKnownFileType = sourcecode.swift; path = OnboardingWindowController.swift; sourceTree = "<group>"; };
		1CE5A69B0D173FAFACDE8B17 /* TopToolbar.swift */ = {isa = PBXFileReference; lastKnownFileType = sourcecode.swift; path = TopToolbar.swift; sourceTree = "<group>"; };
		1F7359520CE42AE23034942F /* GitIgnoreRule.swift */ = {isa = PBXFileReference; lastKnownFileType = sourcecode.swift; path = GitIgnoreRule.swift; sourceTree = "<group>"; };
		2012A84EB7447363386F3DFD /* LogEntry.swift */ = {isa = PBXFileReference; lastKnownFileType = sourcecode.swift; path = LogEntry.swift; sourceTree = "<group>"; };
		20ED1D8506C9D24183B1FB37 /* GitRemoteService.swift */ = {isa = PBXFileReference; lastKnownFileType = sourcecode.swift; path = GitRemoteService.swift; sourceTree = "<group>"; };
		21429E4A48469C34C9FC8EB5 /* GitAppErrorMapperTests.swift */ = {isa = PBXFileReference; lastKnownFileType = sourcecode.swift; path = GitAppErrorMapperTests.swift; sourceTree = "<group>"; };
		219AA33A0DEF90EABD2578B2 /* GitIgnoreRuleTests.swift */ = {isa = PBXFileReference; lastKnownFileType = sourcecode.swift; path = GitIgnoreRuleTests.swift; sourceTree = "<group>"; };
		22662C552CF683893665CA23 /* ProcessGitClient.swift */ = {isa = PBXFileReference; lastKnownFileType = sourcecode.swift; path = ProcessGitClient.swift; sourceTree = "<group>"; };
		23C9C3EE75020290C734BBE1 /* DiffHandler.swift */ = {isa = PBXFileReference; lastKnownFileType = sourcecode.swift; path = DiffHandler.swift; sourceTree = "<group>"; };
		24B3BA186DFD33083E2817A7 /* BranchForEachRefParser.swift */ = {isa = PBXFileReference; lastKnownFileType = sourcecode.swift; path = BranchForEachRefParser.swift; sourceTree = "<group>"; };
		2578664A223E359BE33FB4B6 /* BranchesTab.swift */ = {isa = PBXFileReference; lastKnownFileType = sourcecode.swift; path = BranchesTab.swift; sourceTree = "<group>"; };
		25B57C69324148C1CF9426CA /* Assets.xcassets */ = {isa = PBXFileReference; lastKnownFileType = folder.assetcatalog; path = Assets.xcassets; sourceTree = "<group>"; };
		2648E3C22DC16B1A73AB0B9D /* GitBranchOperator.swift */ = {isa = PBXFileReference; lastKnownFileType = sourcecode.swift; path = GitBranchOperator.swift; sourceTree = "<group>"; };
		27D1391BA91CD8E3D3385AC7 /* StashEntry.swift */ = {isa = PBXFileReference; lastKnownFileType = sourcecode.swift; path = StashEntry.swift; sourceTree = "<group>"; };
		28290DA7F12A2D9D3BF76D5A /* GitDiffProvider.swift */ = {isa = PBXFileReference; lastKnownFileType = sourcecode.swift; path = GitDiffProvider.swift; sourceTree = "<group>"; };
		29E996BCB9A77CE186933B9A /* ConflictsDialogView.swift */ = {isa = PBXFileReference; lastKnownFileType = sourcecode.swift; path = ConflictsDialogView.swift; sourceTree = "<group>"; };
		29F33A3975827EA847F9EB18 /* GitPhase3IntegrationTests.swift */ = {isa = PBXFileReference; lastKnownFileType = sourcecode.swift; path = GitPhase3IntegrationTests.swift; sourceTree = "<group>"; };
		2B487EB2B2D723358BBD46D1 /* RepositorySettingsWindowController.swift */ = {isa = PBXFileReference; lastKnownFileType = sourcecode.swift; path = RepositorySettingsWindowController.swift; sourceTree = "<group>"; };
		2C45EFB11649D0C593DBE901 /* Templates */ = {isa = PBXFileReference; lastKnownFileType = folder; name = Templates; path = Sources/GimMac/Resources/Templates; sourceTree = SOURCE_ROOT; };
		30C49429B67C56B6E56AA60A /* GitStatusParser.swift */ = {isa = PBXFileReference; lastKnownFileType = sourcecode.swift; path = GitStatusParser.swift; sourceTree = "<group>"; };
		30F65A9D98733A705F93FA2B /* Tip.swift */ = {isa = PBXFileReference; lastKnownFileType = sourcecode.swift; path = Tip.swift; sourceTree = "<group>"; };
		33A4C48664A15FC23E7784E5 /* GitBranchReader.swift */ = {isa = PBXFileReference; lastKnownFileType = sourcecode.swift; path = GitBranchReader.swift; sourceTree = "<group>"; };
		33C76A1623B00897EB3A455A /* GitServices.swift */ = {isa = PBXFileReference; lastKnownFileType = sourcecode.swift; path = GitServices.swift; sourceTree = "<group>"; };
		34766F4D30AA24564E582EC0 /* AppDelegate.swift */ = {isa = PBXFileReference; lastKnownFileType = sourcecode.swift; path = AppDelegate.swift; sourceTree = "<group>"; };
		37B40F6BB68054D414D59F05 /* GitLogParser.swift */ = {isa = PBXFileReference; lastKnownFileType = sourcecode.swift; path = GitLogParser.swift; sourceTree = "<group>"; };
		3A2692D7DF01D7940821D971 /* DeleteBranchWindowController.swift */ = {isa = PBXFileReference; lastKnownFileType = sourcecode.swift; path = DeleteBranchWindowController.swift; sourceTree = "<group>"; };
		3A82EEBAD21C491119F1FACD /* GitBranchUpstreamReader.swift */ = {isa = PBXFileReference; lastKnownFileType = sourcecode.swift; path = GitBranchUpstreamReader.swift; sourceTree = "<group>"; };
		3B9862F3E3D1ED946BCECE8B /* MainSplitViewController.swift */ = {isa = PBXFileReference; lastKnownFileType = sourcecode.swift; path = MainSplitViewController.swift; sourceTree = "<group>"; };
		3C33D69C1AB4F9C4A665559D /* CommitRow.swift */ = {isa = PBXFileReference; lastKnownFileType = sourcecode.swift; path = CommitRow.swift; sourceTree = "<group>"; };
		3FC80E035BEA6BEEDF2F2CDE /* SwiftyDiffUnifiedParser.swift */ = {isa = PBXFileReference; lastKnownFileType = sourcecode.swift; path = SwiftyDiffUnifiedParser.swift; sourceTree = "<group>"; };
		400E2EE559B4BA3E5C092DF1 /* RepositoryInspecting.swift */ = {isa = PBXFileReference; lastKnownFileType = sourcecode.swift; path = RepositoryInspecting.swift; sourceTree = "<group>"; };
		40544E3542DD0D5C3B33439B /* RepositoryStoreViewModelTests.swift */ = {isa = PBXFileReference; lastKnownFileType = sourcecode.swift; path = RepositoryStoreViewModelTests.swift; sourceTree = "<group>"; };
		4181F987D496367AAFD6293E /* UpdateFromDefaultSheetController.swift */ = {isa = PBXFileReference; lastKnownFileType = sourcecode.swift; path = UpdateFromDefaultSheetController.swift; sourceTree = "<group>"; };
		42E56492ADBE75183B4DE0EE /* GimMacLogger.swift */ = {isa = PBXFileReference; lastKnownFileType = sourcecode.swift; path = GimMacLogger.swift; sourceTree = "<group>"; };
		42FC0133BD91FBF54A2AD9FE /* HistoryRepositoryScreen.swift */ = {isa = PBXFileReference; lastKnownFileType = sourcecode.swift; path = HistoryRepositoryScreen.swift; sourceTree = "<group>"; };
		43BDE70B9BB495B708637A27 /* ChangedFileRow.swift */ = {isa = PBXFileReference; lastKnownFileType = sourcecode.swift; path = ChangedFileRow.swift; sourceTree = "<group>"; };
		43E57041D5F40A370F96231D /* CloneRepositoryWindowController.swift */ = {isa = PBXFileReference; lastKnownFileType = sourcecode.swift; path = CloneRepositoryWindowController.swift; sourceTree = "<group>"; };
		43F8473A6E320E64E20BD22E /* CommitDetailsHeader.swift */ = {isa = PBXFileReference; lastKnownFileType = sourcecode.swift; path = CommitDetailsHeader.swift; sourceTree = "<group>"; };
		461528A469A10C9A19830C7F /* ToolbarCard.swift */ = {isa = PBXFileReference; lastKnownFileType = sourcecode.swift; path = ToolbarCard.swift; sourceTree = "<group>"; };
		47198F735F04600F7DC69E13 /* GitUpdateFromDefaultService.swift */ = {isa = PBXFileReference; lastKnownFileType = sourcecode.swift; path = GitUpdateFromDefaultService.swift; sourceTree = "<group>"; };
		4889D78793C71372AF4D047F /* ChangedFilesColumn.swift */ = {isa = PBXFileReference; lastKnownFileType = sourcecode.swift; path = ChangedFilesColumn.swift; sourceTree = "<group>"; };
		490F1367EED79749B9D7C6A6 /* ArchitectureBoundaryTests.swift */ = {isa = PBXFileReference; lastKnownFileType = sourcecode.swift; path = ArchitectureBoundaryTests.swift; sourceTree = "<group>"; };
		4A3F4A0CA64BCD672B6373F7 /* GitIdentity.swift */ = {isa = PBXFileReference; lastKnownFileType = sourcecode.swift; path = GitIdentity.swift; sourceTree = "<group>"; };
		4BF3C33E4CC23A2235621D84 /* GitIgnoreProvider.swift */ = {isa = PBXFileReference; lastKnownFileType = sourcecode.swift; path = GitIgnoreProvider.swift; sourceTree = "<group>"; };
		5089BDD1D5E147B9A5C02AAF /* CommitFile.swift */ = {isa = PBXFileReference; lastKnownFileType = sourcecode.swift; path = CommitFile.swift; sourceTree = "<group>"; };
		509DBDF3BF41ECA1825C20CF /* LogCategory.swift */ = {isa = PBXFileReference; lastKnownFileType = sourcecode.swift; path = LogCategory.swift; sourceTree = "<group>"; };
		51360A55E8768DDFCF39F1F5 /* GimMac.icns */ = {isa = PBXFileReference; lastKnownFileType = image.icns; path = GimMac.icns; sourceTree = "<group>"; };
		524A26089F0B88C2AF6E190A /* RepositoryStoreViewModel+Branches.swift */ = {isa = PBXFileReference; lastKnownFileType = sourcecode.swift; path = "RepositoryStoreViewModel+Branches.swift"; sourceTree = "<group>"; };
		52579E8D4B560E49308DA3AB /* GitCommandBuilder.swift */ = {isa = PBXFileReference; lastKnownFileType = sourcecode.swift; path = GitCommandBuilder.swift; sourceTree = "<group>"; };
		54178C1D53528D899CAA715F /* GitRepositoryCreationService.swift */ = {isa = PBXFileReference; lastKnownFileType = sourcecode.swift; path = GitRepositoryCreationService.swift; sourceTree = "<group>"; };
		556F2E06682D31F8E99B8C55 /* GitBranchCompareReader.swift */ = {isa = PBXFileReference; lastKnownFileType = sourcecode.swift; path = GitBranchCompareReader.swift; sourceTree = "<group>"; };
		5689874181C47B557A87331A /* Commit.swift */ = {isa = PBXFileReference; lastKnownFileType = sourcecode.swift; path = Commit.swift; sourceTree = "<group>"; };
		591AD1360E70403B68C7AB02 /* RepositoryStoreViewModel.swift */ = {isa = PBXFileReference; lastKnownFileType = sourcecode.swift; path = RepositoryStoreViewModel.swift; sourceTree = "<group>"; };
		5B4248858FB594DB21C699F3 /* CommitBox.swift */ = {isa = PBXFileReference; lastKnownFileType = sourcecode.swift; path = CommitBox.swift; sourceTree = "<group>"; };
		5B6F3A9BBA324D90463078D6 /* BranchCellView.swift */ = {isa = PBXFileReference; lastKnownFileType = sourcecode.swift; path = BranchCellView.swift; sourceTree = "<group>"; };
		5DC1F8C44B3E07C97F7E1EB2 /* GitConfigService.swift */ = {isa = PBXFileReference; lastKnownFileType = sourcecode.swift; path = GitConfigService.swift; sourceTree = "<group>"; };
		5F306C38AE0C5C264C5B921D /* CommitHistorySidebar.swift */ = {isa = PBXFileReference; lastKnownFileType = sourcecode.swift; path = CommitHistorySidebar.swift; sourceTree = "<group>"; };
		6014926B5CCC27D4755968C1 /* RepositoryStoreViewModel+History.swift */ = {isa = PBXFileReference; lastKnownFileType = sourcecode.swift; path = "RepositoryStoreViewModel+History.swift"; sourceTree = "<group>"; };
		6230084B64BB0D9C93D6B63E /* GitResetReorderIntegrationTests.swift */ = {isa = PBXFileReference; lastKnownFileType = sourcecode.swift; path = GitResetReorderIntegrationTests.swift; sourceTree = "<group>"; };
		6655AF93BA8D54057D37D213 /* NSWorkspaceExternalEditorService.swift */ = {isa = PBXFileReference; lastKnownFileType = sourcecode.swift; path = NSWorkspaceExternalEditorService.swift; sourceTree = "<group>"; };
		667A5002E410798E8258E45C /* MainContent.swift */ = {isa = PBXFileReference; lastKnownFileType = sourcecode.swift; path = MainContent.swift; sourceTree = "<group>"; };
		6687E6EF3406FA8A5EDFD545 /* GitConflictService.swift */ = {isa = PBXFileReference; lastKnownFileType = sourcecode.swift; path = GitConflictService.swift; sourceTree = "<group>"; };
		674DB12412EBD2B2DCB6516B /* FileRepositoryScaffoldingTests.swift */ = {isa = PBXFileReference; lastKnownFileType = sourcecode.swift; path = FileRepositoryScaffoldingTests.swift; sourceTree = "<group>"; };
		685CA9B92D7980F3228BC721 /* GitSmokeIntegrationTests.swift */ = {isa = PBXFileReference; lastKnownFileType = sourcecode.swift; path = GitSmokeIntegrationTests.swift; sourceTree = "<group>"; };
		688088815E22C69E3E261FC6 /* GitAppError.swift */ = {isa = PBXFileReference; lastKnownFileType = sourcecode.swift; path = GitAppError.swift; sourceTree = "<group>"; };
		6B06BFBCF989C3DD65C2518E /* Branch.swift */ = {isa = PBXFileReference; lastKnownFileType = sourcecode.swift; path = Branch.swift; sourceTree = "<group>"; };
		6DDFBF42126A6CCC8586C053 /* HistoryHandler.swift */ = {isa = PBXFileReference; lastKnownFileType = sourcecode.swift; path = HistoryHandler.swift; sourceTree = "<group>"; };
		6F7ED9082C497589ADBDFEFA /* GitRebaseService.swift */ = {isa = PBXFileReference; lastKnownFileType = sourcecode.swift; path = GitRebaseService.swift; sourceTree = "<group>"; };
		71476988EAF726FA840122E3 /* DiffHeader.swift */ = {isa = PBXFileReference; lastKnownFileType = sourcecode.swift; path = DiffHeader.swift; sourceTree = "<group>"; };
		75E6E6D2CB22EF1C63C56196 /* GimMac.app */ = {isa = PBXFileReference; explicitFileType = wrapper.application; includeInIndex = 0; path = GimMac.app; sourceTree = BUILT_PRODUCTS_DIR; };
		7622D80A569F509D6D07568D /* GitIgnoreProviderTests.swift */ = {isa = PBXFileReference; lastKnownFileType = sourcecode.swift; path = GitIgnoreProviderTests.swift; sourceTree = "<group>"; };
		772D8634E4FCC7C6479F2A0C /* GimMacUITests.xctest */ = {isa = PBXFileReference; explicitFileType = wrapper.cfbundle; includeInIndex = 0; path = GimMacUITests.xctest; sourceTree = BUILT_PRODUCTS_DIR; };
		7B3DBB600DA9ACF8D34E4E85 /* OnboardingViewModel.swift */ = {isa = PBXFileReference; lastKnownFileType = sourcecode.swift; path = OnboardingViewModel.swift; sourceTree = "<group>"; };
		7B6E11988D06FE6D135D4DDC /* ResetToCommitSheet.swift */ = {isa = PBXFileReference; lastKnownFileType = sourcecode.swift; path = ResetToCommitSheet.swift; sourceTree = "<group>"; };
		7BFDB9D60A5FFC27B8E2740B /* CreateBranchFromCommitSheet.swift */ = {isa = PBXFileReference; lastKnownFileType = sourcecode.swift; path = CreateBranchFromCommitSheet.swift; sourceTree = "<group>"; };
		7FF5680B344129B0313EA4BB /* BranchesPopoverPresenter.swift */ = {isa = PBXFileReference; lastKnownFileType = sourcecode.swift; path = BranchesPopoverPresenter.swift; sourceTree = "<group>"; };
		8164BAB738A28B3AD361BF18 /* GitRemoteSyncService.swift */ = {isa = PBXFileReference; lastKnownFileType = sourcecode.swift; path = GitRemoteSyncService.swift; sourceTree = "<group>"; };
		8B77B07E0AD271FFCDD2814C /* AppLogging.swift */ = {isa = PBXFileReference; lastKnownFileType = sourcecode.swift; path = AppLogging.swift; sourceTree = "<group>"; };
		8BA58B773B9DC18A7A66C945 /* GitConflictIntegrationTests.swift */ = {isa = PBXFileReference; lastKnownFileType = sourcecode.swift; path = GitConflictIntegrationTests.swift; sourceTree = "<group>"; };
		8BB25F6B0DD533DBC266B5D6 /* AboutWindowFactory.swift */ = {isa = PBXFileReference; lastKnownFileType = sourcecode.swift; path = AboutWindowFactory.swift; sourceTree = "<group>"; };
		8C34BA37853FD057E0BEFC45 /* CreateRepositorySheet.swift */ = {isa = PBXFileReference; lastKnownFileType = sourcecode.swift; path = CreateRepositorySheet.swift; sourceTree = "<group>"; };
		90ED71D1C6B402BB1787D064 /* SquashCommitsSheet.swift */ = {isa = PBXFileReference; lastKnownFileType = sourcecode.swift; path = SquashCommitsSheet.swift; sourceTree = "<group>"; };
		910DD8BF45DEAF9BF4D48233 /* main.swift */ = {isa = PBXFileReference; lastKnownFileType = sourcecode.swift; path = main.swift; sourceTree = "<group>"; };
		929AAA80144761C3721355E0 /* RepositoryBranchDisplayFormatter.swift */ = {isa = PBXFileReference; lastKnownFileType = sourcecode.swift; path = RepositoryBranchDisplayFormatter.swift; sourceTree = "<group>"; };
		9542A9DA2D094C46EB06B790 /* RenameBranchWindowController.swift */ = {isa = PBXFileReference; lastKnownFileType = sourcecode.swift; path = RenameBranchWindowController.swift; sourceTree = "<group>"; };
		9655E44CB8F5F71A68596DF6 /* SettingsWindowController.swift */ = {isa = PBXFileReference; lastKnownFileType = sourcecode.swift; path = SettingsWindowController.swift; sourceTree = "<group>"; };
		992D7FC3E660DACB579775A7 /* RepositoryStoreViewModel+Conflicts.swift */ = {isa = PBXFileReference; lastKnownFileType = sourcecode.swift; path = "RepositoryStoreViewModel+Conflicts.swift"; sourceTree = "<group>"; };
		9BF3D6D8ADA31DE2BB321AE8 /* HistoryFilesColumn.swift */ = {isa = PBXFileReference; lastKnownFileType = sourcecode.swift; path = HistoryFilesColumn.swift; sourceTree = "<group>"; };
		9E590CFF236A4BC6D8D3F55B /* GitClientProtocol.swift */ = {isa = PBXFileReference; lastKnownFileType = sourcecode.swift; path = GitClientProtocol.swift; sourceTree = "<group>"; };
		A2DC1AB813C8262DA577C814 /* BranchStartPoint.swift */ = {isa = PBXFileReference; lastKnownFileType = sourcecode.swift; path = BranchStartPoint.swift; sourceTree = "<group>"; };
		A4A112BFDC9D441A7E0B13D3 /* DirtyWorkingTreeAction.swift */ = {isa = PBXFileReference; lastKnownFileType = sourcecode.swift; path = DirtyWorkingTreeAction.swift; sourceTree = "<group>"; };
		A4ECE49A54B3CCFF691018E9 /* CreateTagSheet.swift */ = {isa = PBXFileReference; lastKnownFileType = sourcecode.swift; path = CreateTagSheet.swift; sourceTree = "<group>"; };
		A5BC5031377D20B9A1850670 /* RepositoryCreationOrchestrator.swift */ = {isa = PBXFileReference; lastKnownFileType = sourcecode.swift; path = RepositoryCreationOrchestrator.swift; sourceTree = "<group>"; };
		A5BD5DB86D5B54300309D29B /* ConflictedFileStatus.swift */ = {isa = PBXFileReference; lastKnownFileType = sourcecode.swift; path = ConflictedFileStatus.swift; sourceTree = "<group>"; };
		A7BDBE7EF770328511CD10A2 /* DiffViewer.swift */ = {isa = PBXFileReference; lastKnownFileType = sourcecode.swift; path = DiffViewer.swift; sourceTree = "<group>"; };
		A8E07446E524E51537598A4C /* BundledRepositoryTemplateCatalogTests.swift */ = {isa = PBXFileReference; lastKnownFileType = sourcecode.swift; path = BundledRepositoryTemplateCatalogTests.swift; sourceTree = "<group>"; };
		A95E7E6E1E897A84CDDD67A8 /* ChangedFilesHandler.swift */ = {isa = PBXFileReference; lastKnownFileType = sourcecode.swift; path = ChangedFilesHandler.swift; sourceTree = "<group>"; };
		ACE0A58161344B91AB47E165 /* DiffLineRow.swift */ = {isa = PBXFileReference; lastKnownFileType = sourcecode.swift; path = DiffLineRow.swift; sourceTree = "<group>"; };
		AD078CE2659B67682AB58C89 /* ReorderCommitsSheet.swift */ = {isa = PBXFileReference; lastKnownFileType = sourcecode.swift; path = ReorderCommitsSheet.swift; sourceTree = "<group>"; };
		AE0E3C6E2AB76582D9742B8D /* CreateRepositoryWindowController.swift */ = {isa = PBXFileReference; lastKnownFileType = sourcecode.swift; path = CreateRepositoryWindowController.swift; sourceTree = "<group>"; };
		B01BE323E16520A814FEB22B /* CommitAuthor.swift */ = {isa = PBXFileReference; lastKnownFileType = sourcecode.swift; path = CommitAuthor.swift; sourceTree = "<group>"; };
		B1AA370CF2F82FECD9550390 /* RepositoryStoreViewModel+Repository.swift */ = {isa = PBXFileReference; lastKnownFileType = sourcecode.swift; path = "RepositoryStoreViewModel+Repository.swift"; sourceTree = "<group>"; };
		B1C80F6152920E55E31CDF72 /* GitCommitProviderCoAuthorTests.swift */ = {isa = PBXFileReference; lastKnownFileType = sourcecode.swift; path = GitCommitProviderCoAuthorTests.swift; sourceTree = "<group>"; };
		B3185F2215E203BD4C78B8E6 /* GitLFSService.swift */ = {isa = PBXFileReference; lastKnownFileType = sourcecode.swift; path = GitLFSService.swift; sourceTree = "<group>"; };
		B3A8FEE8EDD8376886650698 /* FileRepositoryScaffolding.swift */ = {isa = PBXFileReference; lastKnownFileType = sourcecode.swift; path = FileRepositoryScaffolding.swift; sourceTree = "<group>"; };
		B610DD11A31CD0323A8E59AA /* BranchCompareResult.swift */ = {isa = PBXFileReference; lastKnownFileType = sourcecode.swift; path = BranchCompareResult.swift; sourceTree = "<group>"; };
		B93BE412A7B64B0F59C1609C /* GimMacTests.xctest */ = {isa = PBXFileReference; explicitFileType = wrapper.cfbundle; includeInIndex = 0; path = GimMacTests.xctest; sourceTree = BUILT_PRODUCTS_DIR; };
		BA9A380B1047F365ED06D571 /* Repository.swift */ = {isa = PBXFileReference; lastKnownFileType = sourcecode.swift; path = Repository.swift; sourceTree = "<group>"; };
		BB6542A5ABB5359B62554549 /* MainMenuFactory.swift */ = {isa = PBXFileReference; lastKnownFileType = sourcecode.swift; path = MainMenuFactory.swift; sourceTree = "<group>"; };
		BD9DB7E6D1D3EA6BB4902219 /* CreateBranchWindowController.swift */ = {isa = PBXFileReference; lastKnownFileType = sourcecode.swift; path = CreateBranchWindowController.swift; sourceTree = "<group>"; };
		C04E05429178DE9BB25CFB3D /* CoreDataRepositoryPersistence.swift */ = {isa = PBXFileReference; lastKnownFileType = sourcecode.swift; path = CoreDataRepositoryPersistence.swift; sourceTree = "<group>"; };
		C4F98FA5271D781F72B4643F /* GitServiceProtocols.swift */ = {isa = PBXFileReference; lastKnownFileType = sourcecode.swift; path = GitServiceProtocols.swift; sourceTree = "<group>"; };
		CED23E0EABDC7DE1E756ACB3 /* SuggestionCard.swift */ = {isa = PBXFileReference; lastKnownFileType = sourcecode.swift; path = SuggestionCard.swift; sourceTree = "<group>"; };
		CF6841A11B254A0F22B65BA2 /* CommitWarningKind.swift */ = {isa = PBXFileReference; lastKnownFileType = sourcecode.swift; path = CommitWarningKind.swift; sourceTree = "<group>"; };
		D41A04E8EBC27B96F3169DB9 /* GitTagBranchIntegrationTests.swift */ = {isa = PBXFileReference; lastKnownFileType = sourcecode.swift; path = GitTagBranchIntegrationTests.swift; sourceTree = "<group>"; };
		DB6AF397C724F73312DE57FF /* GimMacUITests.swift */ = {isa = PBXFileReference; lastKnownFileType = sourcecode.swift; path = GimMacUITests.swift; sourceTree = "<group>"; };
		DD57666958EDEECB89A72C07 /* RepositorySettingsViewModel.swift */ = {isa = PBXFileReference; lastKnownFileType = sourcecode.swift; path = RepositorySettingsViewModel.swift; sourceTree = "<group>"; };
		DE196D55DF51978966416F86 /* StashAndSwitchSheetController.swift */ = {isa = PBXFileReference; lastKnownFileType = sourcecode.swift; path = StashAndSwitchSheetController.swift; sourceTree = "<group>"; };
		DE3C70BA944DCA559CD117C8 /* PushToolbarCard.swift */ = {isa = PBXFileReference; lastKnownFileType = sourcecode.swift; path = PushToolbarCard.swift; sourceTree = "<group>"; };
		DF031E8D251F228803E7F578 /* RepositoryStoreViewModel+Commit.swift */ = {isa = PBXFileReference; lastKnownFileType = sourcecode.swift; path = "RepositoryStoreViewModel+Commit.swift"; sourceTree = "<group>"; };
		DFC526554D66474D19EBFA0C /* BranchDialogPresenter.swift */ = {isa = PBXFileReference; lastKnownFileType = sourcecode.swift; path = BranchDialogPresenter.swift; sourceTree = "<group>"; };
		E0C1F917AF07C377CBF4D455 /* ExternalEditor.swift */ = {isa = PBXFileReference; lastKnownFileType = sourcecode.swift; path = ExternalEditor.swift; sourceTree = "<group>"; };
		E20C0A134D6994F3A0F85425 /* DiffDocument.swift */ = {isa = PBXFileReference; lastKnownFileType = sourcecode.swift; path = DiffDocument.swift; sourceTree = "<group>"; };
		E42A8B8E1FEB6F7354CCF54D /* RepositoryStoreViewModel+Discard.swift */ = {isa = PBXFileReference; lastKnownFileType = sourcecode.swift; path = "RepositoryStoreViewModel+Discard.swift"; sourceTree = "<group>"; };
		E685C20FBDF9CC7D583A2EC8 /* RepositoryStoreViewModel+FileActions.swift */ = {isa = PBXFileReference; lastKnownFileType = sourcecode.swift; path = "RepositoryStoreViewModel+FileActions.swift"; sourceTree = "<group>"; };
		E954CB89CA50BFD3D375FDFB /* DiffModels.swift */ = {isa = PBXFileReference; lastKnownFileType = sourcecode.swift; path = DiffModels.swift; sourceTree = "<group>"; };
		EA17D8D594AE5C701668E36D /* RepositoryStoreViewModel+Stash.swift */ = {isa = PBXFileReference; lastKnownFileType = sourcecode.swift; path = "RepositoryStoreViewModel+Stash.swift"; sourceTree = "<group>"; };
		EA19FE797B77FB6AD3F766E5 /* BundledRepositoryTemplateCatalog.swift */ = {isa = PBXFileReference; lastKnownFileType = sourcecode.swift; path = BundledRepositoryTemplateCatalog.swift; sourceTree = "<group>"; };
		EAFCF6AA8F98D0461CA70DD6 /* ProcessGitClientTests.swift */ = {isa = PBXFileReference; lastKnownFileType = sourcecode.swift; path = ProcessGitClientTests.swift; sourceTree = "<group>"; };
		EBD47E517FB0BF6947E182C8 /* RepositoryStoreViewModel+Ignore.swift */ = {isa = PBXFileReference; lastKnownFileType = sourcecode.swift; path = "RepositoryStoreViewModel+Ignore.swift"; sourceTree = "<group>"; };
		ED45B5AFC030C91496195822 /* BranchesViewController.swift */ = {isa = PBXFileReference; lastKnownFileType = sourcecode.swift; path = BranchesViewController.swift; sourceTree = "<group>"; };
		EFF4467627FF1C7DDAFD922B /* CommitFormHandler.swift */ = {isa = PBXFileReference; lastKnownFileType = sourcecode.swift; path = CommitFormHandler.swift; sourceTree = "<group>"; };
		F05718ABFBE961B085432A32 /* LocalGitRepositoryInspector.swift */ = {isa = PBXFileReference; lastKnownFileType = sourcecode.swift; path = LocalGitRepositoryInspector.swift; sourceTree = "<group>"; };
		F18AB1B40768A45D19090BC1 /* BranchCompareViewModel.swift */ = {isa = PBXFileReference; lastKnownFileType = sourcecode.swift; path = BranchCompareViewModel.swift; sourceTree = "<group>"; };
		F2F5AD01EE347AC378945741 /* RepositoryScreen.swift */ = {isa = PBXFileReference; lastKnownFileType = sourcecode.swift; path = RepositoryScreen.swift; sourceTree = "<group>"; };
		F312347292B868D7FD58BF48 /* GitCommandBuilderTests.swift */ = {isa = PBXFileReference; lastKnownFileType = sourcecode.swift; path = GitCommandBuilderTests.swift; sourceTree = "<group>"; };
/* End PBXFileReference section */

/* Begin PBXGroup section */
		214C4681FBCDA8F3B4C435C2 /* Products */ = {
			isa = PBXGroup;
			children = (
				75E6E6D2CB22EF1C63C56196 /* GimMac.app */,
				1AF68AC660D8556DB05EFE41 /* GimMacIntegrationTests.xctest */,
				B93BE412A7B64B0F59C1609C /* GimMacTests.xctest */,
				772D8634E4FCC7C6479F2A0C /* GimMacUITests.xctest */,
			);
			name = Products;
			sourceTree = "<group>";
		};
		28F6ACC9627DBAA74BB1BFBD /* Toolbar */ = {
			isa = PBXGroup;
			children = (
				DE3C70BA944DCA559CD117C8 /* PushToolbarCard.swift */,
				461528A469A10C9A19830C7F /* ToolbarCard.swift */,
				1CE5A69B0D173FAFACDE8B17 /* TopToolbar.swift */,
			);
			path = Toolbar;
			sourceTree = "<group>";
		};
		2913FFCB3560FFAA80692D34 /* Conflicts */ = {
			isa = PBXGroup;
			children = (
				29E996BCB9A77CE186933B9A /* ConflictsDialogView.swift */,
			);
			path = Conflicts;
			sourceTree = "<group>";
		};
		55D0AF77EFE66949C9CE3C50 /* Logging */ = {
			isa = PBXGroup;
			children = (
				8B77B07E0AD271FFCDD2814C /* AppLogging.swift */,
				509DBDF3BF41ECA1825C20CF /* LogCategory.swift */,
				18BFACAA79D97A617553FBEE /* LogLevel.swift */,
			);
			path = Logging;
			sourceTree = "<group>";
		};
		645E4FC0A4E966B9E089EABD /* Domain */ = {
			isa = PBXGroup;
			children = (
				6B06BFBCF989C3DD65C2518E /* Branch.swift */,
				B610DD11A31CD0323A8E59AA /* BranchCompareResult.swift */,
				2578664A223E359BE33FB4B6 /* BranchesTab.swift */,
				A2DC1AB813C8262DA577C814 /* BranchStartPoint.swift */,
				140F9BC289D65C27C81626C3 /* ChangedFile.swift */,
				5689874181C47B557A87331A /* Commit.swift */,
				B01BE323E16520A814FEB22B /* CommitAuthor.swift */,
				5089BDD1D5E147B9A5C02AAF /* CommitFile.swift */,
				CF6841A11B254A0F22B65BA2 /* CommitWarningKind.swift */,
				A5BD5DB86D5B54300309D29B /* ConflictedFileStatus.swift */,
				E20C0A134D6994F3A0F85425 /* DiffDocument.swift */,
				A4A112BFDC9D441A7E0B13D3 /* DirtyWorkingTreeAction.swift */,
				E0C1F917AF07C377CBF4D455 /* ExternalEditor.swift */,
				688088815E22C69E3E261FC6 /* GitAppError.swift */,
				9E590CFF236A4BC6D8D3F55B /* GitClientProtocol.swift */,
				4A3F4A0CA64BCD672B6373F7 /* GitIdentity.swift */,
				1F7359520CE42AE23034942F /* GitIgnoreRule.swift */,
				C4F98FA5271D781F72B4643F /* GitServiceProtocols.swift */,
				BA9A380B1047F365ED06D571 /* Repository.swift */,
				1898500D92E633D86C099970 /* RepositoryCreation.swift */,
				400E2EE559B4BA3E5C092DF1 /* RepositoryInspecting.swift */,
				11BDDBD82216E15AC739693F /* RepositoryScreenSnapshot.swift */,
				27D1391BA91CD8E3D3385AC7 /* StashEntry.swift */,
				30F65A9D98733A705F93FA2B /* Tip.swift */,
				55D0AF77EFE66949C9CE3C50 /* Logging */,
			);
			path = Domain;
			sourceTree = "<group>";
		};
		66EABE7217D6CCB889BDECDC /* GimMacIntegrationTests */ = {
			isa = PBXGroup;
			children = (
				8BA58B773B9DC18A7A66C945 /* GitConflictIntegrationTests.swift */,
				124AF3C8B9B84A87C77B36DD /* GitHistoryEditIntegrationTests.swift */,
				29F33A3975827EA847F9EB18 /* GitPhase3IntegrationTests.swift */,
				6230084B64BB0D9C93D6B63E /* GitResetReorderIntegrationTests.swift */,
				685CA9B92D7980F3228BC721 /* GitSmokeIntegrationTests.swift */,
				D41A04E8EBC27B96F3169DB9 /* GitTagBranchIntegrationTests.swift */,
				102E2C526924299D5DB2AACF /* RepositoryCreationIntegrationTests.swift */,
			);
			name = GimMacIntegrationTests;
			path = Tests/GimMacIntegrationTests;
			sourceTree = "<group>";
		};
		67BA8E12D2A7A2766D05D061 /* App */ = {
			isa = PBXGroup;
			children = (
				8BB25F6B0DD533DBC266B5D6 /* AboutWindowFactory.swift */,
				34766F4D30AA24564E582EC0 /* AppDelegate.swift */,
				BB6542A5ABB5359B62554549 /* MainMenuFactory.swift */,
				6655AF93BA8D54057D37D213 /* NSWorkspaceExternalEditorService.swift */,
			);
			path = App;
			sourceTree = "<group>";
		};
		6A7D6DD73E180CE00246D697 /* Branches */ = {
			isa = PBXGroup;
			children = (
				5B6F3A9BBA324D90463078D6 /* BranchCellView.swift */,
				DFC526554D66474D19EBFA0C /* BranchDialogPresenter.swift */,
				7FF5680B344129B0313EA4BB /* BranchesPopoverPresenter.swift */,
				ED45B5AFC030C91496195822 /* BranchesViewController.swift */,
				11312C5FCDAC7E2B6D890B96 /* CompareBranchWindowController.swift */,
				BD9DB7E6D1D3EA6BB4902219 /* CreateBranchWindowController.swift */,
				3A2692D7DF01D7940821D971 /* DeleteBranchWindowController.swift */,
				9542A9DA2D094C46EB06B790 /* RenameBranchWindowController.swift */,
				DE196D55DF51978966416F86 /* StashAndSwitchSheetController.swift */,
				4181F987D496367AAFD6293E /* UpdateFromDefaultSheetController.swift */,
			);
			path = Branches;
			sourceTree = "<group>";
		};
		6BCC92053F62D5301849A277 /* GimMacTests */ = {
			isa = PBXGroup;
			children = (
				490F1367EED79749B9D7C6A6 /* ArchitectureBoundaryTests.swift */,
				A8E07446E524E51537598A4C /* BundledRepositoryTemplateCatalogTests.swift */,
				192A96454E598808737D16E0 /* CommitAuthorTests.swift */,
				674DB12412EBD2B2DCB6516B /* FileRepositoryScaffoldingTests.swift */,
				21429E4A48469C34C9FC8EB5 /* GitAppErrorMapperTests.swift */,
				F312347292B868D7FD58BF48 /* GitCommandBuilderTests.swift */,
				B1C80F6152920E55E31CDF72 /* GitCommitProviderCoAuthorTests.swift */,
				7622D80A569F509D6D07568D /* GitIgnoreProviderTests.swift */,
				219AA33A0DEF90EABD2578B2 /* GitIgnoreRuleTests.swift */,
				EAFCF6AA8F98D0461CA70DD6 /* ProcessGitClientTests.swift */,
				40544E3542DD0D5C3B33439B /* RepositoryStoreViewModelTests.swift */,
			);
			name = GimMacTests;
			path = Tests/GimMacTests;
			sourceTree = "<group>";
		};
		854C715A0E2053FA8DC290F4 /* GimMacUITests */ = {
			isa = PBXGroup;
			children = (
				DB6AF397C724F73312DE57FF /* GimMacUITests.swift */,
			);
			name = GimMacUITests;
			path = UITests/GimMacUITests;
			sourceTree = "<group>";
		};
		88C7E89D1D90CC9950466213 /* GimMac */ = {
			isa = PBXGroup;
			children = (
				910DD8BF45DEAF9BF4D48233 /* main.swift */,
				67BA8E12D2A7A2766D05D061 /* App */,
				EC6C4D6729FD8C33A6D11577 /* Data */,
				645E4FC0A4E966B9E089EABD /* Domain */,
				A0400FBCA35F787D99921A38 /* Presentation */,
				BD6E4CDE521BB193DC26F4A8 /* Resources */,
			);
			name = GimMac;
			path = Sources/GimMac;
			sourceTree = "<group>";
		};
		900E5E358D6E818D7E3D5C41 /* Parsers */ = {
			isa = PBXGroup;
			children = (
				24B3BA186DFD33083E2817A7 /* BranchForEachRefParser.swift */,
			);
			path = Parsers;
			sourceTree = "<group>";
		};
		947ACEA13BBE2E27BF473FDC /* Diff */ = {
			isa = PBXGroup;
			children = (
				71476988EAF726FA840122E3 /* DiffHeader.swift */,
				ACE0A58161344B91AB47E165 /* DiffLineRow.swift */,
				E954CB89CA50BFD3D375FDFB /* DiffModels.swift */,
				A7BDBE7EF770328511CD10A2 /* DiffViewer.swift */,
			);
			path = Diff;
			sourceTree = "<group>";
		};
		9DE467084859C2211775919D /* Repository */ = {
			isa = PBXGroup;
			children = (
				43E57041D5F40A370F96231D /* CloneRepositoryWindowController.swift */,
				8C34BA37853FD057E0BEFC45 /* CreateRepositorySheet.swift */,
				AE0E3C6E2AB76582D9742B8D /* CreateRepositoryWindowController.swift */,
			);
			path = Repository;
			sourceTree = "<group>";
		};
		A0400FBCA35F787D99921A38 /* Presentation */ = {
			isa = PBXGroup;
			children = (
				AFCEEE62F772690480EB917D /* AppShell */,
				6A7D6DD73E180CE00246D697 /* Branches */,
				CD7BF5B57144A6239806CD1E /* Changes */,
				2913FFCB3560FFAA80692D34 /* Conflicts */,
				947ACEA13BBE2E27BF473FDC /* Diff */,
				E5E6EAB19815D0C1B5C29CC2 /* History */,
				DBABB1776990B9D1CF4C1C7F /* Onboarding */,
				9DE467084859C2211775919D /* Repository */,
				B58725FFD75467DC85AF1D5C /* RepositorySettings */,
				AC1B80CDBB7A678DC2BEE468 /* Shared */,
				28F6ACC9627DBAA74BB1BFBD /* Toolbar */,
				AAC10B99577881CE709F6F40 /* ViewModels */,
			);
			path = Presentation;
			sourceTree = "<group>";
		};
		A322528F0D0CC77BB5506D5F /* Logging */ = {
			isa = PBXGroup;
			children = (
				42E56492ADBE75183B4DE0EE /* GimMacLogger.swift */,
				2012A84EB7447363386F3DFD /* LogEntry.swift */,
			);
			path = Logging;
			sourceTree = "<group>";
		};
		AAC10B99577881CE709F6F40 /* ViewModels */ = {
			isa = PBXGroup;
			children = (
				F18AB1B40768A45D19090BC1 /* BranchCompareViewModel.swift */,
				0A4C16FAB01CCCB5F17A3215 /* BranchesViewModel.swift */,
				A95E7E6E1E897A84CDDD67A8 /* ChangedFilesHandler.swift */,
				EFF4467627FF1C7DDAFD922B /* CommitFormHandler.swift */,
				23C9C3EE75020290C734BBE1 /* DiffHandler.swift */,
				6DDFBF42126A6CCC8586C053 /* HistoryHandler.swift */,
				929AAA80144761C3721355E0 /* RepositoryBranchDisplayFormatter.swift */,
				591AD1360E70403B68C7AB02 /* RepositoryStoreViewModel.swift */,
				524A26089F0B88C2AF6E190A /* RepositoryStoreViewModel+Branches.swift */,
				DF031E8D251F228803E7F578 /* RepositoryStoreViewModel+Commit.swift */,
				992D7FC3E660DACB579775A7 /* RepositoryStoreViewModel+Conflicts.swift */,
				E42A8B8E1FEB6F7354CCF54D /* RepositoryStoreViewModel+Discard.swift */,
				E685C20FBDF9CC7D583A2EC8 /* RepositoryStoreViewModel+FileActions.swift */,
				6014926B5CCC27D4755968C1 /* RepositoryStoreViewModel+History.swift */,
				EBD47E517FB0BF6947E182C8 /* RepositoryStoreViewModel+Ignore.swift */,
				B1AA370CF2F82FECD9550390 /* RepositoryStoreViewModel+Repository.swift */,
				1CB2F48DAD390B621827D467 /* RepositoryStoreViewModel+RepositoryManagement.swift */,
				EA17D8D594AE5C701668E36D /* RepositoryStoreViewModel+Stash.swift */,
				042A7C28B9C5091E15C4B1DE /* RepositoryStoreViewModel+Sync.swift */,
			);
			path = ViewModels;
			sourceTree = "<group>";
		};
		AC1B80CDBB7A678DC2BEE468 /* Shared */ = {
			isa = PBXGroup;
			children = (
				43BDE70B9BB495B708637A27 /* ChangedFileRow.swift */,
			);
			path = Shared;
			sourceTree = "<group>";
		};
		AFCEEE62F772690480EB917D /* AppShell */ = {
			isa = PBXGroup;
			children = (
				3B9862F3E3D1ED946BCECE8B /* MainSplitViewController.swift */,
				F2F5AD01EE347AC378945741 /* RepositoryScreen.swift */,
				9655E44CB8F5F71A68596DF6 /* SettingsWindowController.swift */,
			);
			path = AppShell;
			sourceTree = "<group>";
		};
		B58725FFD75467DC85AF1D5C /* RepositorySettings */ = {
			isa = PBXGroup;
			children = (
				DD57666958EDEECB89A72C07 /* RepositorySettingsViewModel.swift */,
				2B487EB2B2D723358BBD46D1 /* RepositorySettingsWindowController.swift */,
			);
			path = RepositorySettings;
			sourceTree = "<group>";
		};
		BD6E4CDE521BB193DC26F4A8 /* Resources */ = {
			isa = PBXGroup;
			children = (
				25B57C69324148C1CF9426CA /* Assets.xcassets */,
				51360A55E8768DDFCF39F1F5 /* GimMac.icns */,
			);
			path = Resources;
			sourceTree = "<group>";
		};
		BF1B7284A909B37987D093AC /* Vendored */ = {
			isa = PBXGroup;
			children = (
				FC7BE31F3C5C95C72844B71E /* SwiftyDiff */,
			);
			path = Vendored;
			sourceTree = "<group>";
		};
		C781A7DE3DFBF7836B7346CE = {
			isa = PBXGroup;
			children = (
				2C45EFB11649D0C593DBE901 /* Templates */,
				88C7E89D1D90CC9950466213 /* GimMac */,
				66EABE7217D6CCB889BDECDC /* GimMacIntegrationTests */,
				6BCC92053F62D5301849A277 /* GimMacTests */,
				854C715A0E2053FA8DC290F4 /* GimMacUITests */,
				214C4681FBCDA8F3B4C435C2 /* Products */,
			);
			sourceTree = "<group>";
		};
		CD7BF5B57144A6239806CD1E /* Changes */ = {
			isa = PBXGroup;
			children = (
				5B4248858FB594DB21C699F3 /* CommitBox.swift */,
				1B8FE2F2F033C81E8CFF030A /* HeaderSection.swift */,
				667A5002E410798E8258E45C /* MainContent.swift */,
				0568DA8DB239E2DA789306D2 /* Sidebar.swift */,
				CED23E0EABDC7DE1E756ACB3 /* SuggestionCard.swift */,
			);
			path = Changes;
			sourceTree = "<group>";
		};
		DBABB1776990B9D1CF4C1C7F /* Onboarding */ = {
			isa = PBXGroup;
			children = (
				05D0421413D8FD75722B8E2B /* OnboardingView.swift */,
				7B3DBB600DA9ACF8D34E4E85 /* OnboardingViewModel.swift */,
				1CE404DF5578B277447B0032 /* OnboardingWindowController.swift */,
			);
			path = Onboarding;
			sourceTree = "<group>";
		};
		E5E6EAB19815D0C1B5C29CC2 /* History */ = {
			isa = PBXGroup;
			children = (
				4889D78793C71372AF4D047F /* ChangedFilesColumn.swift */,
				43F8473A6E320E64E20BD22E /* CommitDetailsHeader.swift */,
				5F306C38AE0C5C264C5B921D /* CommitHistorySidebar.swift */,
				3C33D69C1AB4F9C4A665559D /* CommitRow.swift */,
				7BFDB9D60A5FFC27B8E2740B /* CreateBranchFromCommitSheet.swift */,
				A4ECE49A54B3CCFF691018E9 /* CreateTagSheet.swift */,
				9BF3D6D8ADA31DE2BB321AE8 /* HistoryFilesColumn.swift */,
				42FC0133BD91FBF54A2AD9FE /* HistoryRepositoryScreen.swift */,
				AD078CE2659B67682AB58C89 /* ReorderCommitsSheet.swift */,
				7B6E11988D06FE6D135D4DDC /* ResetToCommitSheet.swift */,
				90ED71D1C6B402BB1787D064 /* SquashCommitsSheet.swift */,
			);
			path = History;
			sourceTree = "<group>";
		};
		EC6C4D6729FD8C33A6D11577 /* Data */ = {
			isa = PBXGroup;
			children = (
				EA19FE797B77FB6AD3F766E5 /* BundledRepositoryTemplateCatalog.swift */,
				C04E05429178DE9BB25CFB3D /* CoreDataRepositoryPersistence.swift */,
				B3A8FEE8EDD8376886650698 /* FileRepositoryScaffolding.swift */,
				18EA41DE1F4131AB6797E58B /* GitAppErrorMapper.swift */,
				556F2E06682D31F8E99B8C55 /* GitBranchCompareReader.swift */,
				2648E3C22DC16B1A73AB0B9D /* GitBranchOperator.swift */,
				33A4C48664A15FC23E7784E5 /* GitBranchReader.swift */,
				3A82EEBAD21C491119F1FACD /* GitBranchUpstreamReader.swift */,
				52579E8D4B560E49308DA3AB /* GitCommandBuilder.swift */,
				5DC1F8C44B3E07C97F7E1EB2 /* GitConfigService.swift */,
				6687E6EF3406FA8A5EDFD545 /* GitConflictService.swift */,
				28290DA7F12A2D9D3BF76D5A /* GitDiffProvider.swift */,
				4BF3C33E4CC23A2235621D84 /* GitIgnoreProvider.swift */,
				B3185F2215E203BD4C78B8E6 /* GitLFSService.swift */,
				37B40F6BB68054D414D59F05 /* GitLogParser.swift */,
				10384E2D2B93DDDDB2253DEC /* GitMergeService.swift */,
				6F7ED9082C497589ADBDFEFA /* GitRebaseService.swift */,
				20ED1D8506C9D24183B1FB37 /* GitRemoteService.swift */,
				8164BAB738A28B3AD361BF18 /* GitRemoteSyncService.swift */,
				54178C1D53528D899CAA715F /* GitRepositoryCreationService.swift */,
				33C76A1623B00897EB3A455A /* GitServices.swift */,
				30C49429B67C56B6E56AA60A /* GitStatusParser.swift */,
				47198F735F04600F7DC69E13 /* GitUpdateFromDefaultService.swift */,
				10534DBE9C237DE3F70BE90F /* LiveRepositoryScreenDataRepository.swift */,
				F05718ABFBE961B085432A32 /* LocalGitRepositoryInspector.swift */,
				22662C552CF683893665CA23 /* ProcessGitClient.swift */,
				A5BC5031377D20B9A1850670 /* RepositoryCreationOrchestrator.swift */,
				A322528F0D0CC77BB5506D5F /* Logging */,
				900E5E358D6E818D7E3D5C41 /* Parsers */,
				BF1B7284A909B37987D093AC /* Vendored */,
			);
			path = Data;
			sourceTree = "<group>";
		};
		FC7BE31F3C5C95C72844B71E /* SwiftyDiff */ = {
			isa = PBXGroup;
			children = (
				3FC80E035BEA6BEEDF2F2CDE /* SwiftyDiffUnifiedParser.swift */,
			);
			path = SwiftyDiff;
			sourceTree = "<group>";
		};
/* End PBXGroup section */

/* Begin PBXNativeTarget section */
		0DA8C9D4CC2DF724218F671D /* GimMacTests */ = {
			isa = PBXNativeTarget;
			buildConfigurationList = C2847D95FD069E354EC0B5BD /* Build configuration list for PBXNativeTarget "GimMacTests" */;
			buildPhases = (
				4CEC01059D3FFDB1AA171CAD /* Sources */,
			);
			buildRules = (
			);
			dependencies = (
				CBEAB99D9703A63092FE5398 /* PBXTargetDependency */,
			);
			name = GimMacTests;
			packageProductDependencies = (
			);
			productName = GimMacTests;
			productReference = B93BE412A7B64B0F59C1609C /* GimMacTests.xctest */;
			productType = "com.apple.product-type.bundle.unit-test";
		};
		733F94097C89678D355D2750 /* GimMac */ = {
			isa = PBXNativeTarget;
			buildConfigurationList = 323CFE069581E9FAD9EE8185 /* Build configuration list for PBXNativeTarget "GimMac" */;
			buildPhases = (
				3773B01DCC90EDCA6924C165 /* Sources */,
				93D7DEB24864C96070CD9BCF /* Resources */,
			);
			buildRules = (
			);
			dependencies = (
			);
			name = GimMac;
			packageProductDependencies = (
			);
			productName = GimMac;
			productReference = 75E6E6D2CB22EF1C63C56196 /* GimMac.app */;
			productType = "com.apple.product-type.application";
		};
		C05E7E75449F60F302A96BFC /* GimMacIntegrationTests */ = {
			isa = PBXNativeTarget;
			buildConfigurationList = E497FBB0076927BA3C8583ED /* Build configuration list for PBXNativeTarget "GimMacIntegrationTests" */;
			buildPhases = (
				AAC1B8433B0307E91967923C /* Sources */,
			);
			buildRules = (
			);
			dependencies = (
				ED66246B4CE27E1E8E6D06B6 /* PBXTargetDependency */,
			);
			name = GimMacIntegrationTests;
			packageProductDependencies = (
			);
			productName = GimMacIntegrationTests;
			productReference = 1AF68AC660D8556DB05EFE41 /* GimMacIntegrationTests.xctest */;
			productType = "com.apple.product-type.bundle.unit-test";
		};
		FF543386242EC883CD63FF82 /* GimMacUITests */ = {
			isa = PBXNativeTarget;
			buildConfigurationList = 6D9BE02B3664CA787DE1412A /* Build configuration list for PBXNativeTarget "GimMacUITests" */;
			buildPhases = (
				36CBEE52F239FE2E9FDB2BDF /* Sources */,
			);
			buildRules = (
			);
			dependencies = (
				C84B66BF1A5339A57CC266E5 /* PBXTargetDependency */,
			);
			name = GimMacUITests;
			packageProductDependencies = (
			);
			productName = GimMacUITests;
			productReference = 772D8634E4FCC7C6479F2A0C /* GimMacUITests.xctest */;
			productType = "com.apple.product-type.bundle.ui-testing";
		};
/* End PBXNativeTarget section */

/* Begin PBXProject section */
		B9F618E025F935A140EF17AE /* Project object */ = {
			isa = PBXProject;
			attributes = {
				BuildIndependentTargetsInParallel = YES;
				LastUpgradeCheck = 1430;
				TargetAttributes = {
					0DA8C9D4CC2DF724218F671D = {
						DevelopmentTeam = 8B32JSRHMA;
						ProvisioningStyle = Automatic;
					};
					733F94097C89678D355D2750 = {
						DevelopmentTeam = 8B32JSRHMA;
						ProvisioningStyle = Automatic;
					};
					C05E7E75449F60F302A96BFC = {
						DevelopmentTeam = 8B32JSRHMA;
						ProvisioningStyle = Automatic;
					};
					FF543386242EC883CD63FF82 = {
						DevelopmentTeam = 8B32JSRHMA;
						ProvisioningStyle = Automatic;
						TestTargetID = 733F94097C89678D355D2750;
					};
				};
			};
			buildConfigurationList = E117A3246B9BD1F1AA704B83 /* Build configuration list for PBXProject "GimMac" */;
			developmentRegion = en;
			hasScannedForEncodings = 0;
			knownRegions = (
				Base,
				en,
			);
			mainGroup = C781A7DE3DFBF7836B7346CE;
			minimizedProjectReferenceProxies = 1;
			preferredProjectObjectVersion = 77;
			productRefGroup = 214C4681FBCDA8F3B4C435C2 /* Products */;
			projectDirPath = "";
			projectRoot = "";
			targets = (
				733F94097C89678D355D2750 /* GimMac */,
				C05E7E75449F60F302A96BFC /* GimMacIntegrationTests */,
				0DA8C9D4CC2DF724218F671D /* GimMacTests */,
				FF543386242EC883CD63FF82 /* GimMacUITests */,
			);
		};
/* End PBXProject section */

/* Begin PBXResourcesBuildPhase section */
		93D7DEB24864C96070CD9BCF /* Resources */ = {
			isa = PBXResourcesBuildPhase;
			buildActionMask = 2147483647;
			files = (
				B0AD9B4A54B735A35ED48267 /* Assets.xcassets in Resources */,
				55235049E9EACB77FE66BFAC /* GimMac.icns in Resources */,
				406FE2A930238D6DC0DD9D90 /* Templates in Resources */,
			);
			runOnlyForDeploymentPostprocessing = 0;
		};
/* End PBXResourcesBuildPhase section */

/* Begin PBXSourcesBuildPhase section */
		36CBEE52F239FE2E9FDB2BDF /* Sources */ = {
			isa = PBXSourcesBuildPhase;
			buildActionMask = 2147483647;
			files = (
				97951A938E26F0CE385C17FD /* GimMacUITests.swift in Sources */,
			);
			runOnlyForDeploymentPostprocessing = 0;
		};
		3773B01DCC90EDCA6924C165 /* Sources */ = {
			isa = PBXSourcesBuildPhase;
			buildActionMask = 2147483647;
			files = (
				9B3F5F7957877D88DA4F7331 /* AboutWindowFactory.swift in Sources */,
				F39A7444D24AEE0D4750C32E /* AppDelegate.swift in Sources */,
				55D0A0BC8E7AC940038CEA89 /* AppLogging.swift in Sources */,
				B1F4227542EE9BF66AA90A4B /* Branch.swift in Sources */,
				F0E0A27F3AE13E68741D971B /* BranchCellView.swift in Sources */,
				B23118094A59182874EBAFDB /* BranchCompareResult.swift in Sources */,
				1F1521CA6B02FB41DCF33090 /* BranchCompareViewModel.swift in Sources */,
				C7E03F4BE861F2FF2F4139F7 /* BranchDialogPresenter.swift in Sources */,
				C453E4B1935670DBC1E7373E /* BranchForEachRefParser.swift in Sources */,
				E22F290839FA7F4EE9A416A7 /* BranchStartPoint.swift in Sources */,
				0B70E4B232A489919DFD2A8D /* BranchesPopoverPresenter.swift in Sources */,
				A37E0D6EF2C9522A70B4885E /* BranchesTab.swift in Sources */,
				D1B9711D86F414E45A9E43DE /* BranchesViewController.swift in Sources */,
				235EB8CC28B075B0D8901076 /* BranchesViewModel.swift in Sources */,
				5F4A46C190A6DEA448D0C2E6 /* BundledRepositoryTemplateCatalog.swift in Sources */,
				0BA18DF864D15CFDAED11168 /* ChangedFile.swift in Sources */,
				48C29DF35C918B17D730FD0B /* ChangedFileRow.swift in Sources */,
				5955D071D76558D818F59817 /* ChangedFilesColumn.swift in Sources */,
				765549CDAB25A49E3C983D04 /* ChangedFilesHandler.swift in Sources */,
				52C14F20E7E231B37A240259 /* CloneRepositoryWindowController.swift in Sources */,
				BFA7E8FFB07973F3E7D4F2CB /* Commit.swift in Sources */,
				2FA448FA53296B3892464D5F /* CommitAuthor.swift in Sources */,
				47A89309917AA3BA3657BCAA /* CommitBox.swift in Sources */,
				20A2D8948EBADB145DD24BE3 /* CommitDetailsHeader.swift in Sources */,
				CC90A94D90711A1362847BFE /* CommitFile.swift in Sources */,
				5E6BF953D62978662B5C031F /* CommitFormHandler.swift in Sources */,
				739FA2FDF304E69B60AB46A9 /* CommitHistorySidebar.swift in Sources */,
				A696117D58485BCF8D53B037 /* CommitRow.swift in Sources */,
				4BEFAE817CEC9612DCA300BA /* CommitWarningKind.swift in Sources */,
				9FBDA198D1C6B4BD39EAFB1B /* CompareBranchWindowController.swift in Sources */,
				714581B2B22C35411F032DDC /* ConflictedFileStatus.swift in Sources */,
				0CB74D57E9EE37E51842A605 /* ConflictsDialogView.swift in Sources */,
				5F4227E2A1F48710E3330767 /* CoreDataRepositoryPersistence.swift in Sources */,
				5440034BE796D7DC7A2E0751 /* CreateBranchFromCommitSheet.swift in Sources */,
				81A0A40824F78B4952F26C1F /* CreateBranchWindowController.swift in Sources */,
				5746DAC32585056158553F70 /* CreateRepositorySheet.swift in Sources */,
				EAACEA8F924D7C2C8F54DA06 /* CreateRepositoryWindowController.swift in Sources */,
				3C1B6872BA6C2DBF7F6BAA99 /* CreateTagSheet.swift in Sources */,
				356535B82BC780EEE9D1DDA1 /* DeleteBranchWindowController.swift in Sources */,
				41D884D1C6FD3A39E20E3C8F /* DiffDocument.swift in Sources */,
				A550717C59A4A88C3521F702 /* DiffHandler.swift in Sources */,
				67F0D64BE8E1E34DAF15939F /* DiffHeader.swift in Sources */,
				80A754714D15D7005F2AD5C3 /* DiffLineRow.swift in Sources */,
				1B3E8A70FCAD615E77D85191 /* DiffModels.swift in Sources */,
				9A60EB4A46A24C0A8706BD4B /* DiffViewer.swift in Sources */,
				A774B1ADF13707C7AD771B4B /* DirtyWorkingTreeAction.swift in Sources */,
				D1421F2FC20AF50BCB84D294 /* ExternalEditor.swift in Sources */,
				5BD112BE11E9061361BD0506 /* FileRepositoryScaffolding.swift in Sources */,
				86A75A0C4072A191D0E759F7 /* GimMacLogger.swift in Sources */,
				03A3385706B678FB4BBDDD53 /* GitAppError.swift in Sources */,
				7448399F28D21D736A8E7848 /* GitAppErrorMapper.swift in Sources */,
				9B82338E28912D0E6E5A6796 /* GitBranchCompareReader.swift in Sources */,
				8F9066EE1459147D0969D273 /* GitBranchOperator.swift in Sources */,
				9817D2506F3A6569CB3D802C /* GitBranchReader.swift in Sources */,
				E6EABDC467D6CC7D316C3A2B /* GitBranchUpstreamReader.swift in Sources */,
				A6B3919526D8B4436A7AF5E1 /* GitClientProtocol.swift in Sources */,
				B313FDA4564BFD46A2F41BCD /* GitCommandBuilder.swift in Sources */,
				D32569393823AEF46373CFA5 /* GitConfigService.swift in Sources */,
				43CB5E2257A0F92772B17A19 /* GitConflictService.swift in Sources */,
				544DEF7E35F7C01A250EB142 /* GitDiffProvider.swift in Sources */,
				0F289CC34FD0E42837E036A9 /* GitIdentity.swift in Sources */,
				E61804EBB188EAF1B0114D4B /* GitIgnoreProvider.swift in Sources */,
				167EEFDDABB0B1DA01E5B5A1 /* GitIgnoreRule.swift in Sources */,
				660DB8EC442A01B0A0509724 /* GitLFSService.swift in Sources */,
				9B8C3F811A79DCF420414F12 /* GitLogParser.swift in Sources */,
				E2CA9529F04481D95C4B3382 /* GitMergeService.swift in Sources */,
				FC50A242EEF3D8C0ACF96D80 /* GitRebaseService.swift in Sources */,
				D470EA3E7F08814C0D3B9C33 /* GitRemoteService.swift in Sources */,
				D3F4C9FCC494263AF9236E3C /* GitRemoteSyncService.swift in Sources */,
				27B313EFCC71E6A7A2F676F7 /* GitRepositoryCreationService.swift in Sources */,
				9DDE4F0ACF6E856AE90F763A /* GitServiceProtocols.swift in Sources */,
				16ED59D3822B573503544E47 /* GitServices.swift in Sources */,
				F97C927DB82BBA1DADE446AF /* GitStatusParser.swift in Sources */,
				FF5C2DD3BFD27308ED3F61F2 /* GitUpdateFromDefaultService.swift in Sources */,
				AA3F79E7C73EC97D52E2EB32 /* HeaderSection.swift in Sources */,
				3EDBD7B6EC36DD199A25F95B /* HistoryFilesColumn.swift in Sources */,
				EEEF6020A4DC52FEB29FA351 /* HistoryHandler.swift in Sources */,
				FBC9EA0EFB36E21C914041DC /* HistoryRepositoryScreen.swift in Sources */,
				E03E38564B29D29B774F98DD /* LiveRepositoryScreenDataRepository.swift in Sources */,
				7654AF891581F7F37FEF35AE /* LocalGitRepositoryInspector.swift in Sources */,
				C022150B68DE2E84D3ED582C /* LogCategory.swift in Sources */,
				7FABD62E9C629F62BB139FE5 /* LogEntry.swift in Sources */,
				8FC2DD2804FEA9F0EF0102D0 /* LogLevel.swift in Sources */,
				1A580C99DDD154DB9A95A35D /* MainContent.swift in Sources */,
				022A24E26B0B9FE5FFBA5A00 /* MainMenuFactory.swift in Sources */,
				0D10156983CDEAD1D8028C15 /* MainSplitViewController.swift in Sources */,
				D6EB454B0DC336F0931BAC7F /* NSWorkspaceExternalEditorService.swift in Sources */,
				C0DE07B7816343A0AEFD2670 /* OnboardingView.swift in Sources */,
				7A4B0E20D99CA0BCADFA70B3 /* OnboardingViewModel.swift in Sources */,
				7447622DCDF079846B22EB79 /* OnboardingWindowController.swift in Sources */,
				C7A06CAED0E05DCE3C8A9FC3 /* ProcessGitClient.swift in Sources */,
				6AA878C1F3F788AC87A00302 /* PushToolbarCard.swift in Sources */,
				3519A061C01D265A52A9C74D /* RenameBranchWindowController.swift in Sources */,
				7780894A03E58CA26D95A7FE /* ReorderCommitsSheet.swift in Sources */,
				24F550F735A0244F5E44043A /* Repository.swift in Sources */,
				49A56EC069F15E7FF4BB2A3D /* RepositoryBranchDisplayFormatter.swift in Sources */,
				EF6A0F43E7CE9E7E67078FD6 /* RepositoryCreation.swift in Sources */,
				5371B7085CFDA45B952B7B39 /* RepositoryCreationOrchestrator.swift in Sources */,
				CAAE9FC6E9B64B0DE72E89C8 /* RepositoryInspecting.swift in Sources */,
				57AC6397DA3F0E264E8973FB /* RepositoryScreen.swift in Sources */,
				A50BE3ACD9620D1CA2492E8C /* RepositoryScreenSnapshot.swift in Sources */,
				E34BE2EEA62554CCFC54F041 /* RepositorySettingsViewModel.swift in Sources */,
				407BC0A1B21335BC0222330C /* RepositorySettingsWindowController.swift in Sources */,
				2F3996B7302D54332A1A538F /* RepositoryStoreViewModel+Branches.swift in Sources */,
				97172C732A2FE839131ACD5D /* RepositoryStoreViewModel+Commit.swift in Sources */,
				FB81EA402E8ABEFF5E4C7DE4 /* RepositoryStoreViewModel+Conflicts.swift in Sources */,
				7673E59DC70D6EFB384F3BA0 /* RepositoryStoreViewModel+Discard.swift in Sources */,
				F8E70F88AD50B8DA3C281787 /* RepositoryStoreViewModel+FileActions.swift in Sources */,
				B83A797C049BFB510E712D10 /* RepositoryStoreViewModel+History.swift in Sources */,
				DE814028E633488359850DEF /* RepositoryStoreViewModel+Ignore.swift in Sources */,
				3CBCB7B688849FE6A7193DCA /* RepositoryStoreViewModel+Repository.swift in Sources */,
				B731CE29643E81F9B23E2846 /* RepositoryStoreViewModel+RepositoryManagement.swift in Sources */,
				92CF4AA55D10042089A23BE3 /* RepositoryStoreViewModel+Stash.swift in Sources */,
				16B3A036EE43D92AEF34E172 /* RepositoryStoreViewModel+Sync.swift in Sources */,
				4179CC37081B429301C5AEB0 /* RepositoryStoreViewModel.swift in Sources */,
				E083C27A677B13228E2C8534 /* ResetToCommitSheet.swift in Sources */,
				9DEC6D1DD9E83DFFFA21D519 /* SettingsWindowController.swift in Sources */,
				B773165A05092A095C02B39A /* Sidebar.swift in Sources */,
				E4B88586A72C4ACA56DE7E3D /* SquashCommitsSheet.swift in Sources */,
				470AC8A2E3C124CBACB23972 /* StashAndSwitchSheetController.swift in Sources */,
				D117BA663D149472A836CFD8 /* StashEntry.swift in Sources */,
				5D916C61CF528FA6DD403020 /* SuggestionCard.swift in Sources */,
				61527E9F167FF671A96E7CFA /* SwiftyDiffUnifiedParser.swift in Sources */,
				DB29E62C6988A51FE187864A /* Tip.swift in Sources */,
				3081300194218518FA1D5CAF /* ToolbarCard.swift in Sources */,
				06570D5350BD37FF3AD4D240 /* TopToolbar.swift in Sources */,
				7DF2CA047092250E8B872184 /* UpdateFromDefaultSheetController.swift in Sources */,
				977DB37579B9A69D7460D4B0 /* main.swift in Sources */,
			);
			runOnlyForDeploymentPostprocessing = 0;
		};
		4CEC01059D3FFDB1AA171CAD /* Sources */ = {
			isa = PBXSourcesBuildPhase;
			buildActionMask = 2147483647;
			files = (
				594B2BAC2FA6AE49E7B1AF10 /* ArchitectureBoundaryTests.swift in Sources */,
				E0CAC237F4B58C8BDC31022E /* BundledRepositoryTemplateCatalogTests.swift in Sources */,
				053F590CC587822B223681C9 /* CommitAuthorTests.swift in Sources */,
				959E9D5B74E8540184AAE818 /* FileRepositoryScaffoldingTests.swift in Sources */,
				49FF1FFC1ED8A2497EBE2E11 /* GitAppErrorMapperTests.swift in Sources */,
				F46D22D069E5636CE7E32AC8 /* GitCommandBuilderTests.swift in Sources */,
				869FDFFAF8E9AD385AF612A3 /* GitCommitProviderCoAuthorTests.swift in Sources */,
				F002BA984783039A004823B1 /* GitIgnoreProviderTests.swift in Sources */,
				4E2D1311208F99F80D2CD137 /* GitIgnoreRuleTests.swift in Sources */,
				A1364B4855C87BEEECF656DE /* ProcessGitClientTests.swift in Sources */,
				BF5F71EF2E43A8654E2F659F /* RepositoryStoreViewModelTests.swift in Sources */,
			);
			runOnlyForDeploymentPostprocessing = 0;
		};
		AAC1B8433B0307E91967923C /* Sources */ = {
			isa = PBXSourcesBuildPhase;
			buildActionMask = 2147483647;
			files = (
				447416D36CA617DB97537D26 /* GitConflictIntegrationTests.swift in Sources */,
				968DEC7BC36B8C4FD42E1D1B /* GitHistoryEditIntegrationTests.swift in Sources */,
				86966AB89FA220F20845BA58 /* GitPhase3IntegrationTests.swift in Sources */,
				E81B75E85960516961FAC83D /* GitResetReorderIntegrationTests.swift in Sources */,
				F4DE69CD76C604DFA986C08C /* GitSmokeIntegrationTests.swift in Sources */,
				36CA6A02B43CE104ACEA113C /* GitTagBranchIntegrationTests.swift in Sources */,
				BE0369C6FA6F50DB29D617EA /* RepositoryCreationIntegrationTests.swift in Sources */,
			);
			runOnlyForDeploymentPostprocessing = 0;
		};
/* End PBXSourcesBuildPhase section */

/* Begin PBXTargetDependency section */
		C84B66BF1A5339A57CC266E5 /* PBXTargetDependency */ = {
			isa = PBXTargetDependency;
			target = 733F94097C89678D355D2750 /* GimMac */;
			targetProxy = AFB5D4D9A1D340714D0E03C7 /* PBXContainerItemProxy */;
		};
		CBEAB99D9703A63092FE5398 /* PBXTargetDependency */ = {
			isa = PBXTargetDependency;
			target = 733F94097C89678D355D2750 /* GimMac */;
			targetProxy = 074600EFB53BDC96DA627694 /* PBXContainerItemProxy */;
		};
		ED66246B4CE27E1E8E6D06B6 /* PBXTargetDependency */ = {
			isa = PBXTargetDependency;
			target = 733F94097C89678D355D2750 /* GimMac */;
			targetProxy = E726349E445375373B2070DD /* PBXContainerItemProxy */;
		};
/* End PBXTargetDependency section */

/* Begin XCBuildConfiguration section */
		0763330FBE3B47E28AD64BBD /* Debug */ = {
			isa = XCBuildConfiguration;
			buildSettings = {
				BUNDLE_LOADER = "$(TEST_HOST)";
				COMBINE_HIDPI_IMAGES = YES;
				GENERATE_INFOPLIST_FILE = YES;
				LD_RUNPATH_SEARCH_PATHS = (
					"$(inherited)",
					"@executable_path/../Frameworks",
					"@loader_path/../Frameworks",
				);
				PRODUCT_BUNDLE_IDENTIFIER = io.github.kabirnayeem99.gimmac.integrationtests;
				SDKROOT = macosx;
				TEST_HOST = "$(BUILT_PRODUCTS_DIR)/GimMac.app/Contents/MacOS/GimMac";
			};
			name = Debug;
		};
		4090B4F2B7C3FECD66DA2470 /* Debug */ = {
			isa = XCBuildConfiguration;
			buildSettings = {
				ALWAYS_SEARCH_USER_PATHS = NO;
				ASSETCATALOG_COMPILER_GENERATE_SWIFT_ASSET_SYMBOL_EXTENSIONS = YES;
				CLANG_ANALYZER_LOCALIZABILITY_NONLOCALIZED = YES;
				CLANG_ANALYZER_NONNULL = YES;
				CLANG_ANALYZER_NUMBER_OBJECT_CONVERSION = YES_AGGRESSIVE;
				CLANG_CXX_LANGUAGE_STANDARD = "gnu++14";
				CLANG_CXX_LIBRARY = "libc++";
				CLANG_ENABLE_MODULES = YES;
				CLANG_ENABLE_OBJC_ARC = YES;
				CLANG_ENABLE_OBJC_WEAK = YES;
				CLANG_WARN_BLOCK_CAPTURE_AUTORELEASING = YES;
				CLANG_WARN_BOOL_CONVERSION = YES;
				CLANG_WARN_COMMA = YES;
				CLANG_WARN_CONSTANT_CONVERSION = YES;
				CLANG_WARN_DEPRECATED_OBJC_IMPLEMENTATIONS = YES;
				CLANG_WARN_DIRECT_OBJC_ISA_USAGE = YES_ERROR;
				CLANG_WARN_DOCUMENTATION_COMMENTS = YES;
				CLANG_WARN_EMPTY_BODY = YES;
				CLANG_WARN_ENUM_CONVERSION = YES;
				CLANG_WARN_INFINITE_RECURSION = YES;
				CLANG_WARN_INT_CONVERSION = YES;
				CLANG_WARN_NON_LITERAL_NULL_CONVERSION = YES;
				CLANG_WARN_OBJC_IMPLICIT_RETAIN_SELF = YES;
				CLANG_WARN_OBJC_LITERAL_CONVERSION = YES;
				CLANG_WARN_OBJC_ROOT_CLASS = YES_ERROR;
				CLANG_WARN_QUOTED_INCLUDE_IN_FRAMEWORK_HEADER = YES;
				CLANG_WARN_RANGE_LOOP_ANALYSIS = YES;
				CLANG_WARN_STRICT_PROTOTYPES = YES;
				CLANG_WARN_SUSPICIOUS_MOVE = YES;
				CLANG_WARN_UNGUARDED_AVAILABILITY = YES;
				CLANG_WARN_UNREACHABLE_CODE = YES;
				CLANG_WARN__DUPLICATE_METHOD_MATCH = YES;
				CODE_SIGN_STYLE = Automatic;
				COPY_PHASE_STRIP = NO;
				DEAD_CODE_STRIPPING = YES;
				DEBUG_INFORMATION_FORMAT = dwarf;
				DEVELOPMENT_TEAM = 8B32JSRHMA;
				ENABLE_STRICT_OBJC_MSGSEND = YES;
				ENABLE_TESTABILITY = YES;
				ENABLE_USER_SCRIPT_SANDBOXING = YES;
				GCC_C_LANGUAGE_STANDARD = gnu11;
				GCC_DYNAMIC_NO_PIC = NO;
				GCC_NO_COMMON_BLOCKS = YES;
				GCC_OPTIMIZATION_LEVEL = 0;
				GCC_PREPROCESSOR_DEFINITIONS = (
					"$(inherited)",
					"DEBUG=1",
				);
				GCC_TREAT_WARNINGS_AS_ERRORS = YES;
				GCC_WARN_64_TO_32_BIT_CONVERSION = YES;
				GCC_WARN_ABOUT_RETURN_TYPE = YES_ERROR;
				GCC_WARN_UNDECLARED_SELECTOR = YES;
				GCC_WARN_UNINITIALIZED_AUTOS = YES_AGGRESSIVE;
				GCC_WARN_UNUSED_FUNCTION = YES;
				GCC_WARN_UNUSED_VARIABLE = YES;
				GENERATE_INFOPLIST_FILE = YES;
				MACOSX_DEPLOYMENT_TARGET = 14.0;
				MTL_ENABLE_DEBUG_INFO = INCLUDE_SOURCE;
				MTL_FAST_MATH = YES;
				ONLY_ACTIVE_ARCH = YES;
				OTHER_SWIFT_FLAGS = "$(inherited) -warnings-as-errors";
				PRODUCT_NAME = "$(TARGET_NAME)";
				SDKROOT = macosx;
				STRING_CATALOG_GENERATE_SYMBOLS = YES;
				SWIFT_ACTIVE_COMPILATION_CONDITIONS = DEBUG;
				SWIFT_OPTIMIZATION_LEVEL = "-Onone";
				SWIFT_STRICT_CONCURRENCY = complete;
				SWIFT_TREAT_WARNINGS_AS_ERRORS = YES;
				SWIFT_VERSION = 5.1;
			};
			name = Debug;
		};
		50F1C1E3A08CC01E69C8084A /* Debug */ = {
			isa = XCBuildConfiguration;
			buildSettings = {
				BUNDLE_LOADER = "$(TEST_HOST)";
				COMBINE_HIDPI_IMAGES = YES;
				GENERATE_INFOPLIST_FILE = YES;
				LD_RUNPATH_SEARCH_PATHS = (
					"$(inherited)",
					"@executable_path/../Frameworks",
					"@loader_path/../Frameworks",
				);
				PRODUCT_BUNDLE_IDENTIFIER = io.github.kabirnayeem99.gimmac.tests;
				SDKROOT = macosx;
				TEST_HOST = "$(BUILT_PRODUCTS_DIR)/GimMac.app/Contents/MacOS/GimMac";
			};
			name = Debug;
		};
		71B4FD3C7B79F6D1FF82936A /* Release */ = {
			isa = XCBuildConfiguration;
			buildSettings = {
				BUNDLE_LOADER = "$(TEST_HOST)";
				COMBINE_HIDPI_IMAGES = YES;
				GENERATE_INFOPLIST_FILE = YES;
				LD_RUNPATH_SEARCH_PATHS = (
					"$(inherited)",
					"@executable_path/../Frameworks",
					"@loader_path/../Frameworks",
				);
				PRODUCT_BUNDLE_IDENTIFIER = io.github.kabirnayeem99.gimmac.tests;
				SDKROOT = macosx;
				TEST_HOST = "$(BUILT_PRODUCTS_DIR)/GimMac.app/Contents/MacOS/GimMac";
			};
			name = Release;
		};
		7754E578EC1E7B8EA99D514E /* Release */ = {
			isa = XCBuildConfiguration;
			buildSettings = {
				ASSETCATALOG_COMPILER_APPICON_NAME = AppIcon;
				COMBINE_HIDPI_IMAGES = YES;
				INFOPLIST_KEY_CFBundleDisplayName = GimMac;
				INFOPLIST_KEY_LSApplicationCategoryType = "public.app-category.developer-tools";
				INFOPLIST_KEY_LSBackgroundOnly = NO;
				INFOPLIST_KEY_LSUIElement = NO;
				INFOPLIST_KEY_NSHumanReadableCopyright = "Copyright © 2026";
				LD_RUNPATH_SEARCH_PATHS = (
					"$(inherited)",
					"@executable_path/../Frameworks",
				);
				PRODUCT_BUNDLE_IDENTIFIER = io.github.kabirnayeem99.gimmac;
				PRODUCT_NAME = GimMac;
				SDKROOT = macosx;
			};
			name = Release;
		};
		90F5E1F6B7E68E176F1D76D2 /* Debug */ = {
			isa = XCBuildConfiguration;
			buildSettings = {
				ASSETCATALOG_COMPILER_APPICON_NAME = AppIcon;
				COMBINE_HIDPI_IMAGES = YES;
				INFOPLIST_KEY_CFBundleDisplayName = GimMac;
				INFOPLIST_KEY_LSApplicationCategoryType = "public.app-category.developer-tools";
				INFOPLIST_KEY_LSBackgroundOnly = NO;
				INFOPLIST_KEY_LSUIElement = NO;
				INFOPLIST_KEY_NSHumanReadableCopyright = "Copyright © 2026";
				LD_RUNPATH_SEARCH_PATHS = (
					"$(inherited)",
					"@executable_path/../Frameworks",
				);
				PRODUCT_BUNDLE_IDENTIFIER = io.github.kabirnayeem99.gimmac;
				PRODUCT_NAME = GimMac;
				SDKROOT = macosx;
			};
			name = Debug;
		};
		96E667A4316FE14B27B064C1 /* Release */ = {
			isa = XCBuildConfiguration;
			buildSettings = {
				BUNDLE_LOADER = "$(TEST_HOST)";
				COMBINE_HIDPI_IMAGES = YES;
				GENERATE_INFOPLIST_FILE = YES;
				LD_RUNPATH_SEARCH_PATHS = (
					"$(inherited)",
					"@executable_path/../Frameworks",
					"@loader_path/../Frameworks",
				);
				PRODUCT_BUNDLE_IDENTIFIER = io.github.kabirnayeem99.gimmac.integrationtests;
				SDKROOT = macosx;
				TEST_HOST = "$(BUILT_PRODUCTS_DIR)/GimMac.app/Contents/MacOS/GimMac";
			};
			name = Release;
		};
		A754221CB82B80D9064E650D /* Release */ = {
			isa = XCBuildConfiguration;
			buildSettings = {
				ALWAYS_SEARCH_USER_PATHS = NO;
				ASSETCATALOG_COMPILER_GENERATE_SWIFT_ASSET_SYMBOL_EXTENSIONS = YES;
				CLANG_ANALYZER_LOCALIZABILITY_NONLOCALIZED = YES;
				CLANG_ANALYZER_NONNULL = YES;
				CLANG_ANALYZER_NUMBER_OBJECT_CONVERSION = YES_AGGRESSIVE;
				CLANG_CXX_LANGUAGE_STANDARD = "gnu++14";
				CLANG_CXX_LIBRARY = "libc++";
				CLANG_ENABLE_MODULES = YES;
				CLANG_ENABLE_OBJC_ARC = YES;
				CLANG_ENABLE_OBJC_WEAK = YES;
				CLANG_WARN_BLOCK_CAPTURE_AUTORELEASING = YES;
				CLANG_WARN_BOOL_CONVERSION = YES;
				CLANG_WARN_COMMA = YES;
				CLANG_WARN_CONSTANT_CONVERSION = YES;
				CLANG_WARN_DEPRECATED_OBJC_IMPLEMENTATIONS = YES;
				CLANG_WARN_DIRECT_OBJC_ISA_USAGE = YES_ERROR;
				CLANG_WARN_DOCUMENTATION_COMMENTS = YES;
				CLANG_WARN_EMPTY_BODY = YES;
				CLANG_WARN_ENUM_CONVERSION = YES;
				CLANG_WARN_INFINITE_RECURSION = YES;
				CLANG_WARN_INT_CONVERSION = YES;
				CLANG_WARN_NON_LITERAL_NULL_CONVERSION = YES;
				CLANG_WARN_OBJC_IMPLICIT_RETAIN_SELF = YES;
				CLANG_WARN_OBJC_LITERAL_CONVERSION = YES;
				CLANG_WARN_OBJC_ROOT_CLASS = YES_ERROR;
				CLANG_WARN_QUOTED_INCLUDE_IN_FRAMEWORK_HEADER = YES;
				CLANG_WARN_RANGE_LOOP_ANALYSIS = YES;
				CLANG_WARN_STRICT_PROTOTYPES = YES;
				CLANG_WARN_SUSPICIOUS_MOVE = YES;
				CLANG_WARN_UNGUARDED_AVAILABILITY = YES;
				CLANG_WARN_UNREACHABLE_CODE = YES;
				CLANG_WARN__DUPLICATE_METHOD_MATCH = YES;
				CODE_SIGN_STYLE = Automatic;
				COPY_PHASE_STRIP = NO;
				DEAD_CODE_STRIPPING = YES;
				DEBUG_INFORMATION_FORMAT = "dwarf-with-dsym";
				DEVELOPMENT_TEAM = 8B32JSRHMA;
				ENABLE_NS_ASSERTIONS = NO;
				ENABLE_STRICT_OBJC_MSGSEND = YES;
				ENABLE_USER_SCRIPT_SANDBOXING = YES;
				GCC_C_LANGUAGE_STANDARD = gnu11;
				GCC_NO_COMMON_BLOCKS = YES;
				GCC_TREAT_WARNINGS_AS_ERRORS = YES;
				GCC_WARN_64_TO_32_BIT_CONVERSION = YES;
				GCC_WARN_ABOUT_RETURN_TYPE = YES_ERROR;
				GCC_WARN_UNDECLARED_SELECTOR = YES;
				GCC_WARN_UNINITIALIZED_AUTOS = YES_AGGRESSIVE;
				GCC_WARN_UNUSED_FUNCTION = YES;
				GCC_WARN_UNUSED_VARIABLE = YES;
				GENERATE_INFOPLIST_FILE = YES;
				MACOSX_DEPLOYMENT_TARGET = 14.0;
				MTL_ENABLE_DEBUG_INFO = NO;
				MTL_FAST_MATH = YES;
				OTHER_SWIFT_FLAGS = "$(inherited) -warnings-as-errors";
				PRODUCT_NAME = "$(TARGET_NAME)";
				SDKROOT = macosx;
				STRING_CATALOG_GENERATE_SYMBOLS = YES;
				SWIFT_COMPILATION_MODE = wholemodule;
				SWIFT_OPTIMIZATION_LEVEL = "-O";
				SWIFT_STRICT_CONCURRENCY = complete;
				SWIFT_TREAT_WARNINGS_AS_ERRORS = YES;
				SWIFT_VERSION = 5.1;
			};
			name = Release;
		};
		A99B13239699D4FE99C0D5F8 /* Release */ = {
			isa = XCBuildConfiguration;
			buildSettings = {
				BUNDLE_LOADER = "$(TEST_HOST)";
				COMBINE_HIDPI_IMAGES = YES;
				GENERATE_INFOPLIST_FILE = YES;
				LD_RUNPATH_SEARCH_PATHS = (
					"$(inherited)",
					"@executable_path/Frameworks",
					"@loader_path/Frameworks",
				);
				PRODUCT_BUNDLE_IDENTIFIER = io.github.kabirnayeem99.gimmac.uitests;
				SDKROOT = macosx;
				TEST_TARGET_NAME = GimMac;
			};
			name = Release;
		};
		AABE604E17493F775C364CB5 /* Debug */ = {
			isa = XCBuildConfiguration;
			buildSettings = {
				BUNDLE_LOADER = "$(TEST_HOST)";
				COMBINE_HIDPI_IMAGES = YES;
				GENERATE_INFOPLIST_FILE = YES;
				LD_RUNPATH_SEARCH_PATHS = (
					"$(inherited)",
					"@executable_path/Frameworks",
					"@loader_path/Frameworks",
				);
				PRODUCT_BUNDLE_IDENTIFIER = io.github.kabirnayeem99.gimmac.uitests;
				SDKROOT = macosx;
				TEST_TARGET_NAME = GimMac;
			};
			name = Debug;
		};
/* End XCBuildConfiguration section */

/* Begin XCConfigurationList section */
		323CFE069581E9FAD9EE8185 /* Build configuration list for PBXNativeTarget "GimMac" */ = {
			isa = XCConfigurationList;
			buildConfigurations = (
				90F5E1F6B7E68E176F1D76D2 /* Debug */,
				7754E578EC1E7B8EA99D514E /* Release */,
			);
			defaultConfigurationIsVisible = 0;
			defaultConfigurationName = Debug;
		};
		6D9BE02B3664CA787DE1412A /* Build configuration list for PBXNativeTarget "GimMacUITests" */ = {
			isa = XCConfigurationList;
			buildConfigurations = (
				AABE604E17493F775C364CB5 /* Debug */,
				A99B13239699D4FE99C0D5F8 /* Release */,
			);
			defaultConfigurationIsVisible = 0;
			defaultConfigurationName = Debug;
		};
		C2847D95FD069E354EC0B5BD /* Build configuration list for PBXNativeTarget "GimMacTests" */ = {
			isa = XCConfigurationList;
			buildConfigurations = (
				50F1C1E3A08CC01E69C8084A /* Debug */,
				71B4FD3C7B79F6D1FF82936A /* Release */,
			);
			defaultConfigurationIsVisible = 0;
			defaultConfigurationName = Debug;
		};
		E117A3246B9BD1F1AA704B83 /* Build configuration list for PBXProject "GimMac" */ = {
			isa = XCConfigurationList;
			buildConfigurations = (
				4090B4F2B7C3FECD66DA2470 /* Debug */,
				A754221CB82B80D9064E650D /* Release */,
			);
			defaultConfigurationIsVisible = 0;
			defaultConfigurationName = Debug;
		};
		E497FBB0076927BA3C8583ED /* Build configuration list for PBXNativeTarget "GimMacIntegrationTests" */ = {
			isa = XCConfigurationList;
			buildConfigurations = (
				0763330FBE3B47E28AD64BBD /* Debug */,
				96E667A4316FE14B27B064C1 /* Release */,
			);
			defaultConfigurationIsVisible = 0;
			defaultConfigurationName = Debug;
		};
/* End XCConfigurationList section */
	};
	rootObject = B9F618E025F935A140EF17AE /* Project object */;
}
