// !$*UTF8*$!
{
	archiveVersion = 1;
	classes = {
	};
	objectVersion = 77;
	objects = {

/* Begin PBXBuildFile section */
		022A24E26B0B9FE5FFBA5A00 /* MainMenuFactory.swift in Sources */ = {isa = PBXBuildFile; fileRef = BB6542A5ABB5359B62554549 /* MainMenuFactory.swift */; };
		03A3385706B678FB4BBDDD53 /* GitAppError.swift in Sources */ = {isa = PBXBuildFile; fileRef = 688088815E22C69E3E261FC6 /* GitAppError.swift */; };
		0F6CE8CF901D76E405EF9802 /* RepositoryStoreViewModel.swift in Sources */ = {isa = PBXBuildFile; fileRef = 3BA641FFECA8B1E9350C12E6 /* RepositoryStoreViewModel.swift */; };
		24F550F735A0244F5E44043A /* Repository.swift in Sources */ = {isa = PBXBuildFile; fileRef = BA9A380B1047F365ED06D571 /* Repository.swift */; };
		49FF1FFC1ED8A2497EBE2E11 /* GitAppErrorMapperTests.swift in Sources */ = {isa = PBXBuildFile; fileRef = 21429E4A48469C34C9FC8EB5 /* GitAppErrorMapperTests.swift */; };
		55235049E9EACB77FE66BFAC /* GimMac.icns in Resources */ = {isa = PBXBuildFile; fileRef = 51360A55E8768DDFCF39F1F5 /* GimMac.icns */; };
		594B2BAC2FA6AE49E7B1AF10 /* ArchitectureBoundaryTests.swift in Sources */ = {isa = PBXBuildFile; fileRef = 490F1367EED79749B9D7C6A6 /* ArchitectureBoundaryTests.swift */; };
		700D34F6EE4A15B452C9C722 /* RepositoryState.swift in Sources */ = {isa = PBXBuildFile; fileRef = C225BFE6DDC7862E3E24E00E /* RepositoryState.swift */; };
		7448399F28D21D736A8E7848 /* GitAppErrorMapper.swift in Sources */ = {isa = PBXBuildFile; fileRef = 18EA41DE1F4131AB6797E58B /* GitAppErrorMapper.swift */; };
		7654AF891581F7F37FEF35AE /* LocalGitRepositoryInspector.swift in Sources */ = {isa = PBXBuildFile; fileRef = F05718ABFBE961B085432A32 /* LocalGitRepositoryInspector.swift */; };
		79233CD7E6A17C3F0BD7B141 /* MainSplitViewController.swift in Sources */ = {isa = PBXBuildFile; fileRef = CD887731BBFAFE6CEC70FD7B /* MainSplitViewController.swift */; };
		977DB37579B9A69D7460D4B0 /* main.swift in Sources */ = {isa = PBXBuildFile; fileRef = 910DD8BF45DEAF9BF4D48233 /* main.swift */; };
		97951A938E26F0CE385C17FD /* GimMacUITests.swift in Sources */ = {isa = PBXBuildFile; fileRef = DB6AF397C724F73312DE57FF /* GimMacUITests.swift */; };
		9B3F5F7957877D88DA4F7331 /* AboutWindowFactory.swift in Sources */ = {isa = PBXBuildFile; fileRef = 8BB25F6B0DD533DBC266B5D6 /* AboutWindowFactory.swift */; };
		A1364B4855C87BEEECF656DE /* ProcessGitClientTests.swift in Sources */ = {isa = PBXBuildFile; fileRef = EAFCF6AA8F98D0461CA70DD6 /* ProcessGitClientTests.swift */; };
		A3D0FA92AD00B99F72B69F11 /* SettingsWindowController.swift in Sources */ = {isa = PBXBuildFile; fileRef = 713765552A11AEE20EB30B57 /* SettingsWindowController.swift */; };
		A6B3919526D8B4436A7AF5E1 /* GitClientProtocol.swift in Sources */ = {isa = PBXBuildFile; fileRef = 9E590CFF236A4BC6D8D3F55B /* GitClientProtocol.swift */; };
		B0AD9B4A54B735A35ED48267 /* Assets.xcassets in Resources */ = {isa = PBXBuildFile; fileRef = 25B57C69324148C1CF9426CA /* Assets.xcassets */; };
		B313FDA4564BFD46A2F41BCD /* GitCommandBuilder.swift in Sources */ = {isa = PBXBuildFile; fileRef = 52579E8D4B560E49308DA3AB /* GitCommandBuilder.swift */; };
		BF5F71EF2E43A8654E2F659F /* RepositoryStoreViewModelTests.swift in Sources */ = {isa = PBXBuildFile; fileRef = 40544E3542DD0D5C3B33439B /* RepositoryStoreViewModelTests.swift */; };
		C7A06CAED0E05DCE3C8A9FC3 /* ProcessGitClient.swift in Sources */ = {isa = PBXBuildFile; fileRef = 22662C552CF683893665CA23 /* ProcessGitClient.swift */; };
		C8A1D4F2E7B34C129AFD8811 /* GitCommandLogger.swift in Sources */ = {isa = PBXBuildFile; fileRef = C8A1D4F2E7B34C129AFD8810 /* GitCommandLogger.swift */; };
		CAAE9FC6E9B64B0DE72E89C8 /* RepositoryInspecting.swift in Sources */ = {isa = PBXBuildFile; fileRef = 400E2EE559B4BA3E5C092DF1 /* RepositoryInspecting.swift */; };
		E4CCC93E7A4A7E383C10B15D /* RepositoryBranchDisplayFormatter.swift in Sources */ = {isa = PBXBuildFile; fileRef = 6DE3D1A64C8C209C62E6405C /* RepositoryBranchDisplayFormatter.swift */; };
		F39A7444D24AEE0D4750C32E /* AppDelegate.swift in Sources */ = {isa = PBXBuildFile; fileRef = 34766F4D30AA24564E582EC0 /* AppDelegate.swift */; };
		F46D22D069E5636CE7E32AC8 /* GitCommandBuilderTests.swift in Sources */ = {isa = PBXBuildFile; fileRef = F312347292B868D7FD58BF48 /* GitCommandBuilderTests.swift */; };
		F4DE69CD76C604DFA986C08C /* GitSmokeIntegrationTests.swift in Sources */ = {isa = PBXBuildFile; fileRef = 685CA9B92D7980F3228BC721 /* GitSmokeIntegrationTests.swift */; };
		FB49E5A841C28BB64100F27C /* RepositoryScreen.swift in Sources */ = {isa = PBXBuildFile; fileRef = 5B7B39605C8A5E3AEC3590EB /* RepositoryScreen.swift */; };
		3EE298BD9B52B5D409797001 /* TopToolbar.swift in Sources */ = {isa = PBXBuildFile; fileRef = 22A3F4C3B68E10E1603C465C /* TopToolbar.swift */; };
		1080259B922F4809DBD6831D /* ToolbarCard.swift in Sources */ = {isa = PBXBuildFile; fileRef = D8494C65B1C6A600087BC851 /* ToolbarCard.swift */; };
		3934C180602516F6D9887721 /* PushToolbarCard.swift in Sources */ = {isa = PBXBuildFile; fileRef = 2F3580977E9AE89BF2F43E02 /* PushToolbarCard.swift */; };
		E992C6D9A13329545229D217 /* Sidebar.swift in Sources */ = {isa = PBXBuildFile; fileRef = E9FB823B9666255D197A0189 /* Sidebar.swift */; };
		FFBEB8A64D8CF22D118D5E67 /* CommitBox.swift in Sources */ = {isa = PBXBuildFile; fileRef = C83BB3DF2EA8938B3FD29862 /* CommitBox.swift */; };
		AD05A97532F0F66EF8D7D562 /* MainContent.swift in Sources */ = {isa = PBXBuildFile; fileRef = F091F845F45D566B02F3B738 /* MainContent.swift */; };
		A16A1FE8CF97B5FE8AEF29E4 /* HeaderSection.swift in Sources */ = {isa = PBXBuildFile; fileRef = 16CE744E5026A5C008BBB5E8 /* HeaderSection.swift */; };
		FF2C92482282E60A92FF144B /* SuggestionCard.swift in Sources */ = {isa = PBXBuildFile; fileRef = 6E51396A2FF12C395649B377 /* SuggestionCard.swift */; };
		F962E949883E54AD52E9428F /* HistoryRepositoryScreen.swift in Sources */ = {isa = PBXBuildFile; fileRef = C2027E9192753A83C8E82D0F /* HistoryRepositoryScreen.swift */; };
		A6AB709C08CD6782630C74E6 /* CommitHistorySidebar.swift in Sources */ = {isa = PBXBuildFile; fileRef = 5642ADD4187C386C251F0CC5 /* CommitHistorySidebar.swift */; };
		52BA654AC114FA6BA827DBF1 /* CommitRow.swift in Sources */ = {isa = PBXBuildFile; fileRef = 4CBD16DBA6E83521B653F555 /* CommitRow.swift */; };
		E4CEA36B1845010AEBE363D3 /* ChangedFilesColumn.swift in Sources */ = {isa = PBXBuildFile; fileRef = 6FF3D02F78623B3E2C8ADA1C /* ChangedFilesColumn.swift */; };
		E24047D538A468E61687345E /* CommitDetailsHeader.swift in Sources */ = {isa = PBXBuildFile; fileRef = FE267A0B107E56009AF0B05A /* CommitDetailsHeader.swift */; };
		7470BE3CEA5C741DAA0C4904 /* ChangedFileRow.swift in Sources */ = {isa = PBXBuildFile; fileRef = 6803E1F7BB68A61B1C730050 /* ChangedFileRow.swift */; };
		F1371CFC06439935205A4288 /* DiffModels.swift in Sources */ = {isa = PBXBuildFile; fileRef = 52E15D34CE43942F8A1AE9A0 /* DiffModels.swift */; };
		44929898AE6A67E47F0304B0 /* DiffViewer.swift in Sources */ = {isa = PBXBuildFile; fileRef = 42180E5F971AC048B8A993D5 /* DiffViewer.swift */; };
		535ACF36F8DFC17ACAE2F202 /* DiffHeader.swift in Sources */ = {isa = PBXBuildFile; fileRef = 665250B084E51D732B08E4FB /* DiffHeader.swift */; };
		DEB0514D5BC3AF895815FED5 /* DiffLineRow.swift in Sources */ = {isa = PBXBuildFile; fileRef = 122848799BE57C183905ECB9 /* DiffLineRow.swift */; };
		46417D50A76BAA23996FFB49 /* Commit.swift in Sources */ = {isa = PBXBuildFile; fileRef = 75C13B86490F877E44772610 /* Commit.swift */; };
		DF8935BF6B6DAF8ECF8FD752 /* ChangedFile.swift in Sources */ = {isa = PBXBuildFile; fileRef = 9615A05CDAD348F21F03F342 /* ChangedFile.swift */; };
		0753525EF2AC2E02B2CF80A2 /* GitServiceProtocols.swift in Sources */ = {isa = PBXBuildFile; fileRef = D6BD2E77935FD10225EBD84F /* GitServiceProtocols.swift */; };
		FAC96D15DB06F9C055C0CDA1 /* GitServices.swift in Sources */ = {isa = PBXBuildFile; fileRef = 7F6AA97F0A6B501F9E9D317F /* GitServices.swift */; };
		98183D34E6B4A3AB9C4CC3B6 /* GitStatusParser.swift in Sources */ = {isa = PBXBuildFile; fileRef = EFDBD3D378B0224F1EFC9A11 /* GitStatusParser.swift */; };
		650FAB89E1DBF183BC2D33B5 /* GitLogParser.swift in Sources */ = {isa = PBXBuildFile; fileRef = 88CAD41B937860CFAE8A96E1 /* GitLogParser.swift */; };
		B93A6486B6696AD06728C6F4 /* DiffDocument.swift in Sources */ = {isa = PBXBuildFile; fileRef = DD4023FB0E4DEA5194B90A11 /* DiffDocument.swift */; };
		C9E4D19B2D8BBC391809A84D /* GitDiffProvider.swift in Sources */ = {isa = PBXBuildFile; fileRef = 03B259201A72A5D1672DCB05 /* GitDiffProvider.swift */; };
		6F50D3C4FF4584D4D657CF4C /* SwiftyDiffUnifiedParser.swift in Sources */ = {isa = PBXBuildFile; fileRef = 7D70EC83FC68C3C3408EB7C5 /* SwiftyDiffUnifiedParser.swift */; };
/* End PBXBuildFile section */

/* Begin PBXContainerItemProxy section */
		074600EFB53BDC96DA627694 /* PBXContainerItemProxy */ = {
			isa = PBXContainerItemProxy;
			containerPortal = B9F618E025F935A140EF17AE /* Project object */;
			proxyType = 1;
			remoteGlobalIDString = 733F94097C89678D355D2750;
			remoteInfo = GimMac;
		};
		AFB5D4D9A1D340714D0E03C7 /* PBXContainerItemProxy */ = {
			isa = PBXContainerItemProxy;
			containerPortal = B9F618E025F935A140EF17AE /* Project object */;
			proxyType = 1;
			remoteGlobalIDString = 733F94097C89678D355D2750;
			remoteInfo = GimMac;
		};
		E726349E445375373B2070DD /* PBXContainerItemProxy */ = {
			isa = PBXContainerItemProxy;
			containerPortal = B9F618E025F935A140EF17AE /* Project object */;
			proxyType = 1;
			remoteGlobalIDString = 733F94097C89678D355D2750;
			remoteInfo = GimMac;
		};
/* End PBXContainerItemProxy section */

/* Begin PBXFileReference section */
		18EA41DE1F4131AB6797E58B /* GitAppErrorMapper.swift */ = {isa = PBXFileReference; lastKnownFileType = sourcecode.swift; path = GitAppErrorMapper.swift; sourceTree = "<group>"; };
		1AF68AC660D8556DB05EFE41 /* GimMacIntegrationTests.xctest */ = {isa = PBXFileReference; explicitFileType = wrapper.cfbundle; includeInIndex = 0; path = GimMacIntegrationTests.xctest; sourceTree = BUILT_PRODUCTS_DIR; };
		21429E4A48469C34C9FC8EB5 /* GitAppErrorMapperTests.swift */ = {isa = PBXFileReference; lastKnownFileType = sourcecode.swift; path = GitAppErrorMapperTests.swift; sourceTree = "<group>"; };
		22662C552CF683893665CA23 /* ProcessGitClient.swift */ = {isa = PBXFileReference; lastKnownFileType = sourcecode.swift; path = ProcessGitClient.swift; sourceTree = "<group>"; };
		C8A1D4F2E7B34C129AFD8810 /* GitCommandLogger.swift */ = {isa = PBXFileReference; lastKnownFileType = sourcecode.swift; path = GitCommandLogger.swift; sourceTree = "<group>"; };
		25B57C69324148C1CF9426CA /* Assets.xcassets */ = {isa = PBXFileReference; lastKnownFileType = folder.assetcatalog; path = Assets.xcassets; sourceTree = "<group>"; };
		34766F4D30AA24564E582EC0 /* AppDelegate.swift */ = {isa = PBXFileReference; lastKnownFileType = sourcecode.swift; path = AppDelegate.swift; sourceTree = "<group>"; };
		3BA641FFECA8B1E9350C12E6 /* RepositoryStoreViewModel.swift */ = {isa = PBXFileReference; lastKnownFileType = sourcecode.swift; path = RepositoryStoreViewModel.swift; sourceTree = "<group>"; };
		400E2EE559B4BA3E5C092DF1 /* RepositoryInspecting.swift */ = {isa = PBXFileReference; lastKnownFileType = sourcecode.swift; path = RepositoryInspecting.swift; sourceTree = "<group>"; };
		40544E3542DD0D5C3B33439B /* RepositoryStoreViewModelTests.swift */ = {isa = PBXFileReference; lastKnownFileType = sourcecode.swift; path = RepositoryStoreViewModelTests.swift; sourceTree = "<group>"; };
		490F1367EED79749B9D7C6A6 /* ArchitectureBoundaryTests.swift */ = {isa = PBXFileReference; lastKnownFileType = sourcecode.swift; path = ArchitectureBoundaryTests.swift; sourceTree = "<group>"; };
		51360A55E8768DDFCF39F1F5 /* GimMac.icns */ = {isa = PBXFileReference; lastKnownFileType = image.icns; path = GimMac.icns; sourceTree = "<group>"; };
		52579E8D4B560E49308DA3AB /* GitCommandBuilder.swift */ = {isa = PBXFileReference; lastKnownFileType = sourcecode.swift; path = GitCommandBuilder.swift; sourceTree = "<group>"; };
		685CA9B92D7980F3228BC721 /* GitSmokeIntegrationTests.swift */ = {isa = PBXFileReference; lastKnownFileType = sourcecode.swift; path = GitSmokeIntegrationTests.swift; sourceTree = "<group>"; };
		688088815E22C69E3E261FC6 /* GitAppError.swift */ = {isa = PBXFileReference; lastKnownFileType = sourcecode.swift; path = GitAppError.swift; sourceTree = "<group>"; };
		6DE3D1A64C8C209C62E6405C /* RepositoryBranchDisplayFormatter.swift */ = {isa = PBXFileReference; lastKnownFileType = sourcecode.swift; path = RepositoryBranchDisplayFormatter.swift; sourceTree = "<group>"; };
		713765552A11AEE20EB30B57 /* SettingsWindowController.swift */ = {isa = PBXFileReference; lastKnownFileType = sourcecode.swift; path = SettingsWindowController.swift; sourceTree = "<group>"; };
		75E6E6D2CB22EF1C63C56196 /* GimMac.app */ = {isa = PBXFileReference; explicitFileType = wrapper.application; includeInIndex = 0; path = GimMac.app; sourceTree = BUILT_PRODUCTS_DIR; };
		772D8634E4FCC7C6479F2A0C /* GimMacUITests.xctest */ = {isa = PBXFileReference; explicitFileType = wrapper.cfbundle; includeInIndex = 0; path = GimMacUITests.xctest; sourceTree = BUILT_PRODUCTS_DIR; };
		8BB25F6B0DD533DBC266B5D6 /* AboutWindowFactory.swift */ = {isa = PBXFileReference; lastKnownFileType = sourcecode.swift; path = AboutWindowFactory.swift; sourceTree = "<group>"; };
		910DD8BF45DEAF9BF4D48233 /* main.swift */ = {isa = PBXFileReference; lastKnownFileType = sourcecode.swift; path = main.swift; sourceTree = "<group>"; };
		9E590CFF236A4BC6D8D3F55B /* GitClientProtocol.swift */ = {isa = PBXFileReference; lastKnownFileType = sourcecode.swift; path = GitClientProtocol.swift; sourceTree = "<group>"; };
		B93BE412A7B64B0F59C1609C /* GimMacTests.xctest */ = {isa = PBXFileReference; explicitFileType = wrapper.cfbundle; includeInIndex = 0; path = GimMacTests.xctest; sourceTree = BUILT_PRODUCTS_DIR; };
		BA9A380B1047F365ED06D571 /* Repository.swift */ = {isa = PBXFileReference; lastKnownFileType = sourcecode.swift; path = Repository.swift; sourceTree = "<group>"; };
		BB6542A5ABB5359B62554549 /* MainMenuFactory.swift */ = {isa = PBXFileReference; lastKnownFileType = sourcecode.swift; path = MainMenuFactory.swift; sourceTree = "<group>"; };
		C225BFE6DDC7862E3E24E00E /* RepositoryState.swift */ = {isa = PBXFileReference; lastKnownFileType = sourcecode.swift; path = RepositoryState.swift; sourceTree = "<group>"; };
		CD887731BBFAFE6CEC70FD7B /* MainSplitViewController.swift */ = {isa = PBXFileReference; lastKnownFileType = sourcecode.swift; path = MainSplitViewController.swift; sourceTree = "<group>"; };
		DB6AF397C724F73312DE57FF /* GimMacUITests.swift */ = {isa = PBXFileReference; lastKnownFileType = sourcecode.swift; path = GimMacUITests.swift; sourceTree = "<group>"; };
		EAFCF6AA8F98D0461CA70DD6 /* ProcessGitClientTests.swift */ = {isa = PBXFileReference; lastKnownFileType = sourcecode.swift; path = ProcessGitClientTests.swift; sourceTree = "<group>"; };
		F05718ABFBE961B085432A32 /* LocalGitRepositoryInspector.swift */ = {isa = PBXFileReference; lastKnownFileType = sourcecode.swift; path = LocalGitRepositoryInspector.swift; sourceTree = "<group>"; };
		F312347292B868D7FD58BF48 /* GitCommandBuilderTests.swift */ = {isa = PBXFileReference; lastKnownFileType = sourcecode.swift; path = GitCommandBuilderTests.swift; sourceTree = "<group>"; };
		5B7B39605C8A5E3AEC3590EB /* RepositoryScreen.swift */ = {isa = PBXFileReference; lastKnownFileType = sourcecode.swift; path = RepositoryScreen.swift; sourceTree = "<group>"; };
		22A3F4C3B68E10E1603C465C /* TopToolbar.swift */ = {isa = PBXFileReference; lastKnownFileType = sourcecode.swift; path = TopToolbar.swift; sourceTree = "<group>"; };
		D8494C65B1C6A600087BC851 /* ToolbarCard.swift */ = {isa = PBXFileReference; lastKnownFileType = sourcecode.swift; path = ToolbarCard.swift; sourceTree = "<group>"; };
		2F3580977E9AE89BF2F43E02 /* PushToolbarCard.swift */ = {isa = PBXFileReference; lastKnownFileType = sourcecode.swift; path = PushToolbarCard.swift; sourceTree = "<group>"; };
		E9FB823B9666255D197A0189 /* Sidebar.swift */ = {isa = PBXFileReference; lastKnownFileType = sourcecode.swift; path = Sidebar.swift; sourceTree = "<group>"; };
		C83BB3DF2EA8938B3FD29862 /* CommitBox.swift */ = {isa = PBXFileReference; lastKnownFileType = sourcecode.swift; path = CommitBox.swift; sourceTree = "<group>"; };
		F091F845F45D566B02F3B738 /* MainContent.swift */ = {isa = PBXFileReference; lastKnownFileType = sourcecode.swift; path = MainContent.swift; sourceTree = "<group>"; };
		16CE744E5026A5C008BBB5E8 /* HeaderSection.swift */ = {isa = PBXFileReference; lastKnownFileType = sourcecode.swift; path = HeaderSection.swift; sourceTree = "<group>"; };
		6E51396A2FF12C395649B377 /* SuggestionCard.swift */ = {isa = PBXFileReference; lastKnownFileType = sourcecode.swift; path = SuggestionCard.swift; sourceTree = "<group>"; };
		C2027E9192753A83C8E82D0F /* HistoryRepositoryScreen.swift */ = {isa = PBXFileReference; lastKnownFileType = sourcecode.swift; path = HistoryRepositoryScreen.swift; sourceTree = "<group>"; };
		5642ADD4187C386C251F0CC5 /* CommitHistorySidebar.swift */ = {isa = PBXFileReference; lastKnownFileType = sourcecode.swift; path = CommitHistorySidebar.swift; sourceTree = "<group>"; };
		4CBD16DBA6E83521B653F555 /* CommitRow.swift */ = {isa = PBXFileReference; lastKnownFileType = sourcecode.swift; path = CommitRow.swift; sourceTree = "<group>"; };
		6FF3D02F78623B3E2C8ADA1C /* ChangedFilesColumn.swift */ = {isa = PBXFileReference; lastKnownFileType = sourcecode.swift; path = ChangedFilesColumn.swift; sourceTree = "<group>"; };
		FE267A0B107E56009AF0B05A /* CommitDetailsHeader.swift */ = {isa = PBXFileReference; lastKnownFileType = sourcecode.swift; path = CommitDetailsHeader.swift; sourceTree = "<group>"; };
		6803E1F7BB68A61B1C730050 /* ChangedFileRow.swift */ = {isa = PBXFileReference; lastKnownFileType = sourcecode.swift; path = ../Shared/ChangedFileRow.swift; sourceTree = "<group>"; };
		52E15D34CE43942F8A1AE9A0 /* DiffModels.swift */ = {isa = PBXFileReference; lastKnownFileType = sourcecode.swift; path = DiffModels.swift; sourceTree = "<group>"; };
		42180E5F971AC048B8A993D5 /* DiffViewer.swift */ = {isa = PBXFileReference; lastKnownFileType = sourcecode.swift; path = DiffViewer.swift; sourceTree = "<group>"; };
		665250B084E51D732B08E4FB /* DiffHeader.swift */ = {isa = PBXFileReference; lastKnownFileType = sourcecode.swift; path = DiffHeader.swift; sourceTree = "<group>"; };
		122848799BE57C183905ECB9 /* DiffLineRow.swift */ = {isa = PBXFileReference; lastKnownFileType = sourcecode.swift; path = DiffLineRow.swift; sourceTree = "<group>"; };
		75C13B86490F877E44772610 /* Commit.swift */ = {isa = PBXFileReference; lastKnownFileType = sourcecode.swift; path = Commit.swift; sourceTree = "<group>"; };
		9615A05CDAD348F21F03F342 /* ChangedFile.swift */ = {isa = PBXFileReference; lastKnownFileType = sourcecode.swift; path = ChangedFile.swift; sourceTree = "<group>"; };
		D6BD2E77935FD10225EBD84F /* GitServiceProtocols.swift */ = {isa = PBXFileReference; lastKnownFileType = sourcecode.swift; path = GitServiceProtocols.swift; sourceTree = "<group>"; };
		7F6AA97F0A6B501F9E9D317F /* GitServices.swift */ = {isa = PBXFileReference; lastKnownFileType = sourcecode.swift; path = GitServices.swift; sourceTree = "<group>"; };
		EFDBD3D378B0224F1EFC9A11 /* GitStatusParser.swift */ = {isa = PBXFileReference; lastKnownFileType = sourcecode.swift; path = GitStatusParser.swift; sourceTree = "<group>"; };
		88CAD41B937860CFAE8A96E1 /* GitLogParser.swift */ = {isa = PBXFileReference; lastKnownFileType = sourcecode.swift; path = GitLogParser.swift; sourceTree = "<group>"; };
		DD4023FB0E4DEA5194B90A11 /* DiffDocument.swift */ = {isa = PBXFileReference; lastKnownFileType = sourcecode.swift; path = DiffDocument.swift; sourceTree = "<group>"; };
		03B259201A72A5D1672DCB05 /* GitDiffProvider.swift */ = {isa = PBXFileReference; lastKnownFileType = sourcecode.swift; path = GitDiffProvider.swift; sourceTree = "<group>"; };
		7D70EC83FC68C3C3408EB7C5 /* SwiftyDiffUnifiedParser.swift */ = {isa = PBXFileReference; lastKnownFileType = sourcecode.swift; path = Vendored/SwiftyDiff/SwiftyDiffUnifiedParser.swift; sourceTree = "<group>"; };
/* End PBXFileReference section */

/* Begin PBXGroup section */
		214C4681FBCDA8F3B4C435C2 /* Products */ = {
			isa = PBXGroup;
			children = (
				75E6E6D2CB22EF1C63C56196 /* GimMac.app */,
				1AF68AC660D8556DB05EFE41 /* GimMacIntegrationTests.xctest */,
				B93BE412A7B64B0F59C1609C /* GimMacTests.xctest */,
				772D8634E4FCC7C6479F2A0C /* GimMacUITests.xctest */,
			);
			name = Products;
			sourceTree = "<group>";
		};
		645E4FC0A4E966B9E089EABD /* Domain */ = {
			isa = PBXGroup;
			children = (
				DD4023FB0E4DEA5194B90A11 /* DiffDocument.swift */,
				688088815E22C69E3E261FC6 /* GitAppError.swift */,
				9E590CFF236A4BC6D8D3F55B /* GitClientProtocol.swift */,
				D6BD2E77935FD10225EBD84F /* GitServiceProtocols.swift */,
				75C13B86490F877E44772610 /* Commit.swift */,
				BA9A380B1047F365ED06D571 /* Repository.swift */,
				400E2EE559B4BA3E5C092DF1 /* RepositoryInspecting.swift */,
				C225BFE6DDC7862E3E24E00E /* RepositoryState.swift */,
				9615A05CDAD348F21F03F342 /* ChangedFile.swift */,
			);
			path = Domain;
			sourceTree = "<group>";
		};
		66EABE7217D6CCB889BDECDC /* GimMacIntegrationTests */ = {
			isa = PBXGroup;
			children = (
				685CA9B92D7980F3228BC721 /* GitSmokeIntegrationTests.swift */,
			);
			name = GimMacIntegrationTests;
			path = Tests/GimMacIntegrationTests;
			sourceTree = "<group>";
		};
		67BA8E12D2A7A2766D05D061 /* App */ = {
			isa = PBXGroup;
			children = (
				8BB25F6B0DD533DBC266B5D6 /* AboutWindowFactory.swift */,
				34766F4D30AA24564E582EC0 /* AppDelegate.swift */,
				BB6542A5ABB5359B62554549 /* MainMenuFactory.swift */,
			);
			path = App;
			sourceTree = "<group>";
		};
		6BCC92053F62D5301849A277 /* GimMacTests */ = {
			isa = PBXGroup;
			children = (
				490F1367EED79749B9D7C6A6 /* ArchitectureBoundaryTests.swift */,
				21429E4A48469C34C9FC8EB5 /* GitAppErrorMapperTests.swift */,
				F312347292B868D7FD58BF48 /* GitCommandBuilderTests.swift */,
				EAFCF6AA8F98D0461CA70DD6 /* ProcessGitClientTests.swift */,
				40544E3542DD0D5C3B33439B /* RepositoryStoreViewModelTests.swift */,
			);
			name = GimMacTests;
			path = Tests/GimMacTests;
			sourceTree = "<group>";
		};
		854C715A0E2053FA8DC290F4 /* GimMacUITests */ = {
			isa = PBXGroup;
			children = (
				DB6AF397C724F73312DE57FF /* GimMacUITests.swift */,
			);
			name = GimMacUITests;
			path = UITests/GimMacUITests;
			sourceTree = "<group>";
		};
		88C7E89D1D90CC9950466213 /* GimMac */ = {
			isa = PBXGroup;
			children = (
				910DD8BF45DEAF9BF4D48233 /* main.swift */,
				67BA8E12D2A7A2766D05D061 /* App */,
				EC6C4D6729FD8C33A6D11577 /* Data */,
				645E4FC0A4E966B9E089EABD /* Domain */,
				A0400FBCA35F787D99921A38 /* Presentation */,
				BD6E4CDE521BB193DC26F4A8 /* Resources */,
			);
			name = GimMac;
			path = Sources/GimMac;
			sourceTree = "<group>";
		};
		A0400FBCA35F787D99921A38 /* Presentation */ = {
			isa = PBXGroup;
			children = (
				56672579A71110E5932EE9D2 /* AppShell */,
				08DC3835F38913B67F338343 /* Toolbar */,
				BB89C3EEFD68B19F5B8C09FE /* Changes */,
				78FB2584E2F76E738BD9FD13 /* History */,
				4E22C3289B1F09C452D346C5 /* Diff */,
				908181AA0CF99DA65C018ECE /* ViewModels */,
			
			);
			path = Presentation;
			sourceTree = "<group>";
		};
		BD6E4CDE521BB193DC26F4A8 /* Resources */ = {
			isa = PBXGroup;
			children = (
				25B57C69324148C1CF9426CA /* Assets.xcassets */,
				51360A55E8768DDFCF39F1F5 /* GimMac.icns */,
			);
			path = Resources;
			sourceTree = "<group>";
		};
		C781A7DE3DFBF7836B7346CE = {
			isa = PBXGroup;
			children = (
				88C7E89D1D90CC9950466213 /* GimMac */,
				66EABE7217D6CCB889BDECDC /* GimMacIntegrationTests */,
				6BCC92053F62D5301849A277 /* GimMacTests */,
				854C715A0E2053FA8DC290F4 /* GimMacUITests */,
				214C4681FBCDA8F3B4C435C2 /* Products */,
			);
			sourceTree = "<group>";
		};
		EC6C4D6729FD8C33A6D11577 /* Data */ = {
			isa = PBXGroup;
			children = (
				7D70EC83FC68C3C3408EB7C5 /* SwiftyDiffUnifiedParser.swift */,
				03B259201A72A5D1672DCB05 /* GitDiffProvider.swift */,
				18EA41DE1F4131AB6797E58B /* GitAppErrorMapper.swift */,
				88CAD41B937860CFAE8A96E1 /* GitLogParser.swift */,
				52579E8D4B560E49308DA3AB /* GitCommandBuilder.swift */,
				7F6AA97F0A6B501F9E9D317F /* GitServices.swift */,
				F05718ABFBE961B085432A32 /* LocalGitRepositoryInspector.swift */,
				EFDBD3D378B0224F1EFC9A11 /* GitStatusParser.swift */,
				22662C552CF683893665CA23 /* ProcessGitClient.swift */,
				C8A1D4F2E7B34C129AFD8810 /* GitCommandLogger.swift */,
			);
			path = Data;
			sourceTree = "<group>";
		};

		56672579A71110E5932EE9D2 /* AppShell */ = {
			isa = PBXGroup;
			children = (
				CD887731BBFAFE6CEC70FD7B /* MainSplitViewController.swift */,
				5B7B39605C8A5E3AEC3590EB /* RepositoryScreen.swift */,
				713765552A11AEE20EB30B57 /* SettingsWindowController.swift */,
			);
			path = AppShell;
			sourceTree = "<group>";
		};
		BB89C3EEFD68B19F5B8C09FE /* Changes */ = {
			isa = PBXGroup;
			children = (
				E9FB823B9666255D197A0189 /* Sidebar.swift */,
				C83BB3DF2EA8938B3FD29862 /* CommitBox.swift */,
				F091F845F45D566B02F3B738 /* MainContent.swift */,
				16CE744E5026A5C008BBB5E8 /* HeaderSection.swift */,
				6E51396A2FF12C395649B377 /* SuggestionCard.swift */,
			);
			path = Changes;
			sourceTree = "<group>";
		};
		4E22C3289B1F09C452D346C5 /* Diff */ = {
			isa = PBXGroup;
			children = (
				52E15D34CE43942F8A1AE9A0 /* DiffModels.swift */,
				42180E5F971AC048B8A993D5 /* DiffViewer.swift */,
				665250B084E51D732B08E4FB /* DiffHeader.swift */,
				122848799BE57C183905ECB9 /* DiffLineRow.swift */,
			);
			path = Diff;
			sourceTree = "<group>";
		};
		78FB2584E2F76E738BD9FD13 /* History */ = {
			isa = PBXGroup;
			children = (
				C2027E9192753A83C8E82D0F /* HistoryRepositoryScreen.swift */,
				5642ADD4187C386C251F0CC5 /* CommitHistorySidebar.swift */,
				4CBD16DBA6E83521B653F555 /* CommitRow.swift */,
				6FF3D02F78623B3E2C8ADA1C /* ChangedFilesColumn.swift */,
				FE267A0B107E56009AF0B05A /* CommitDetailsHeader.swift */,
				6803E1F7BB68A61B1C730050 /* ChangedFileRow.swift */,
			);
			path = History;
			sourceTree = "<group>";
		};
		08DC3835F38913B67F338343 /* Toolbar */ = {
			isa = PBXGroup;
			children = (
				22A3F4C3B68E10E1603C465C /* TopToolbar.swift */,
				D8494C65B1C6A600087BC851 /* ToolbarCard.swift */,
				2F3580977E9AE89BF2F43E02 /* PushToolbarCard.swift */,
			);
			path = Toolbar;
			sourceTree = "<group>";
		};
		908181AA0CF99DA65C018ECE /* ViewModels */ = {
			isa = PBXGroup;
			children = (
				3BA641FFECA8B1E9350C12E6 /* RepositoryStoreViewModel.swift */,
				6DE3D1A64C8C209C62E6405C /* RepositoryBranchDisplayFormatter.swift */,
			);
			path = ViewModels;
			sourceTree = "<group>";
		};
/* End PBXGroup section */

/* Begin PBXNativeTarget section */
		0DA8C9D4CC2DF724218F671D /* GimMacTests */ = {
			isa = PBXNativeTarget;
			buildConfigurationList = C2847D95FD069E354EC0B5BD /* Build configuration list for PBXNativeTarget "GimMacTests" */;
			buildPhases = (
				4CEC01059D3FFDB1AA171CAD /* Sources */,
			);
			buildRules = (
			);
			dependencies = (
				CBEAB99D9703A63092FE5398 /* PBXTargetDependency */,
			);
			name = GimMacTests;
			packageProductDependencies = (
			);
			productName = GimMacTests;
			productReference = B93BE412A7B64B0F59C1609C /* GimMacTests.xctest */;
			productType = "com.apple.product-type.bundle.unit-test";
		};
		733F94097C89678D355D2750 /* GimMac */ = {
			isa = PBXNativeTarget;
			buildConfigurationList = 323CFE069581E9FAD9EE8185 /* Build configuration list for PBXNativeTarget "GimMac" */;
			buildPhases = (
				3773B01DCC90EDCA6924C165 /* Sources */,
				93D7DEB24864C96070CD9BCF /* Resources */,
			);
			buildRules = (
			);
			dependencies = (
			);
			name = GimMac;
			packageProductDependencies = (
			);
			productName = GimMac;
			productReference = 75E6E6D2CB22EF1C63C56196 /* GimMac.app */;
			productType = "com.apple.product-type.application";
		};
		C05E7E75449F60F302A96BFC /* GimMacIntegrationTests */ = {
			isa = PBXNativeTarget;
			buildConfigurationList = E497FBB0076927BA3C8583ED /* Build configuration list for PBXNativeTarget "GimMacIntegrationTests" */;
			buildPhases = (
				AAC1B8433B0307E91967923C /* Sources */,
			);
			buildRules = (
			);
			dependencies = (
				ED66246B4CE27E1E8E6D06B6 /* PBXTargetDependency */,
			);
			name = GimMacIntegrationTests;
			packageProductDependencies = (
			);
			productName = GimMacIntegrationTests;
			productReference = 1AF68AC660D8556DB05EFE41 /* GimMacIntegrationTests.xctest */;
			productType = "com.apple.product-type.bundle.unit-test";
		};
		FF543386242EC883CD63FF82 /* GimMacUITests */ = {
			isa = PBXNativeTarget;
			buildConfigurationList = 6D9BE02B3664CA787DE1412A /* Build configuration list for PBXNativeTarget "GimMacUITests" */;
			buildPhases = (
				36CBEE52F239FE2E9FDB2BDF /* Sources */,
			);
			buildRules = (
			);
			dependencies = (
				C84B66BF1A5339A57CC266E5 /* PBXTargetDependency */,
			);
			name = GimMacUITests;
			packageProductDependencies = (
			);
			productName = GimMacUITests;
			productReference = 772D8634E4FCC7C6479F2A0C /* GimMacUITests.xctest */;
			productType = "com.apple.product-type.bundle.ui-testing";
		};
/* End PBXNativeTarget section */

/* Begin PBXProject section */
		B9F618E025F935A140EF17AE /* Project object */ = {
			isa = PBXProject;
			attributes = {
				BuildIndependentTargetsInParallel = YES;
				LastUpgradeCheck = 1430;
				TargetAttributes = {
					0DA8C9D4CC2DF724218F671D = {
						DevelopmentTeam = 8B32JSRHMA;
						ProvisioningStyle = Automatic;
					};
					733F94097C89678D355D2750 = {
						DevelopmentTeam = 8B32JSRHMA;
						ProvisioningStyle = Automatic;
					};
					C05E7E75449F60F302A96BFC = {
						DevelopmentTeam = 8B32JSRHMA;
						ProvisioningStyle = Automatic;
					};
					FF543386242EC883CD63FF82 = {
						DevelopmentTeam = 8B32JSRHMA;
						ProvisioningStyle = Automatic;
						TestTargetID = 733F94097C89678D355D2750;
					};
				};
			};
			buildConfigurationList = E117A3246B9BD1F1AA704B83 /* Build configuration list for PBXProject "GimMac" */;
			developmentRegion = en;
			hasScannedForEncodings = 0;
			knownRegions = (
				Base,
				en,
			);
			mainGroup = C781A7DE3DFBF7836B7346CE;
			minimizedProjectReferenceProxies = 1;
			preferredProjectObjectVersion = 77;
			productRefGroup = 214C4681FBCDA8F3B4C435C2 /* Products */;
			projectDirPath = "";
			projectRoot = "";
			targets = (
				733F94097C89678D355D2750 /* GimMac */,
				C05E7E75449F60F302A96BFC /* GimMacIntegrationTests */,
				0DA8C9D4CC2DF724218F671D /* GimMacTests */,
				FF543386242EC883CD63FF82 /* GimMacUITests */,
			);
		};
/* End PBXProject section */

/* Begin PBXResourcesBuildPhase section */
		93D7DEB24864C96070CD9BCF /* Resources */ = {
			isa = PBXResourcesBuildPhase;
			buildActionMask = 2147483647;
			files = (
				B0AD9B4A54B735A35ED48267 /* Assets.xcassets in Resources */,
				55235049E9EACB77FE66BFAC /* GimMac.icns in Resources */,
			);
			runOnlyForDeploymentPostprocessing = 0;
		};
/* End PBXResourcesBuildPhase section */

/* Begin PBXSourcesBuildPhase section */
		36CBEE52F239FE2E9FDB2BDF /* Sources */ = {
			isa = PBXSourcesBuildPhase;
			buildActionMask = 2147483647;
			files = (
				97951A938E26F0CE385C17FD /* GimMacUITests.swift in Sources */,
			);
			runOnlyForDeploymentPostprocessing = 0;
		};
		3773B01DCC90EDCA6924C165 /* Sources */ = {
			isa = PBXSourcesBuildPhase;
			buildActionMask = 2147483647;
			files = (
				9B3F5F7957877D88DA4F7331 /* AboutWindowFactory.swift in Sources */,
				F39A7444D24AEE0D4750C32E /* AppDelegate.swift in Sources */,
				03A3385706B678FB4BBDDD53 /* GitAppError.swift in Sources */,
				7448399F28D21D736A8E7848 /* GitAppErrorMapper.swift in Sources */,
				A6B3919526D8B4436A7AF5E1 /* GitClientProtocol.swift in Sources */,
				650FAB89E1DBF183BC2D33B5 /* GitLogParser.swift in Sources */,
				98183D34E6B4A3AB9C4CC3B6 /* GitStatusParser.swift in Sources */,
				FAC96D15DB06F9C055C0CDA1 /* GitServices.swift in Sources */,
				0753525EF2AC2E02B2CF80A2 /* GitServiceProtocols.swift in Sources */,
				DF8935BF6B6DAF8ECF8FD752 /* ChangedFile.swift in Sources */,
				46417D50A76BAA23996FFB49 /* Commit.swift in Sources */,
				B313FDA4564BFD46A2F41BCD /* GitCommandBuilder.swift in Sources */,
				7654AF891581F7F37FEF35AE /* LocalGitRepositoryInspector.swift in Sources */,
				022A24E26B0B9FE5FFBA5A00 /* MainMenuFactory.swift in Sources */,
				79233CD7E6A17C3F0BD7B141 /* MainSplitViewController.swift in Sources */,
				6F50D3C4FF4584D4D657CF4C /* SwiftyDiffUnifiedParser.swift in Sources */,
				C9E4D19B2D8BBC391809A84D /* GitDiffProvider.swift in Sources */,
				B93A6486B6696AD06728C6F4 /* DiffDocument.swift in Sources */,
				FB49E5A841C28BB64100F27C /* RepositoryScreen.swift in Sources */,
				3EE298BD9B52B5D409797001 /* TopToolbar.swift in Sources */,
				1080259B922F4809DBD6831D /* ToolbarCard.swift in Sources */,
				3934C180602516F6D9887721 /* PushToolbarCard.swift in Sources */,
				E992C6D9A13329545229D217 /* Sidebar.swift in Sources */,
				FFBEB8A64D8CF22D118D5E67 /* CommitBox.swift in Sources */,
				AD05A97532F0F66EF8D7D562 /* MainContent.swift in Sources */,
				A16A1FE8CF97B5FE8AEF29E4 /* HeaderSection.swift in Sources */,
				FF2C92482282E60A92FF144B /* SuggestionCard.swift in Sources */,
				F962E949883E54AD52E9428F /* HistoryRepositoryScreen.swift in Sources */,
				A6AB709C08CD6782630C74E6 /* CommitHistorySidebar.swift in Sources */,
				52BA654AC114FA6BA827DBF1 /* CommitRow.swift in Sources */,
				E4CEA36B1845010AEBE363D3 /* ChangedFilesColumn.swift in Sources */,
				E24047D538A468E61687345E /* CommitDetailsHeader.swift in Sources */,
				7470BE3CEA5C741DAA0C4904 /* ChangedFileRow.swift in Sources */,
				F1371CFC06439935205A4288 /* DiffModels.swift in Sources */,
				44929898AE6A67E47F0304B0 /* DiffViewer.swift in Sources */,
				535ACF36F8DFC17ACAE2F202 /* DiffHeader.swift in Sources */,
				DEB0514D5BC3AF895815FED5 /* DiffLineRow.swift in Sources */,
				C7A06CAED0E05DCE3C8A9FC3 /* ProcessGitClient.swift in Sources */,
				C8A1D4F2E7B34C129AFD8811 /* GitCommandLogger.swift in Sources */,
				24F550F735A0244F5E44043A /* Repository.swift in Sources */,
				E4CCC93E7A4A7E383C10B15D /* RepositoryBranchDisplayFormatter.swift in Sources */,
				CAAE9FC6E9B64B0DE72E89C8 /* RepositoryInspecting.swift in Sources */,
				700D34F6EE4A15B452C9C722 /* RepositoryState.swift in Sources */,
				0F6CE8CF901D76E405EF9802 /* RepositoryStoreViewModel.swift in Sources */,
				A3D0FA92AD00B99F72B69F11 /* SettingsWindowController.swift in Sources */,
				977DB37579B9A69D7460D4B0 /* main.swift in Sources */,
			);
			runOnlyForDeploymentPostprocessing = 0;
		};
		4CEC01059D3FFDB1AA171CAD /* Sources */ = {
			isa = PBXSourcesBuildPhase;
			buildActionMask = 2147483647;
			files = (
				594B2BAC2FA6AE49E7B1AF10 /* ArchitectureBoundaryTests.swift in Sources */,
				49FF1FFC1ED8A2497EBE2E11 /* GitAppErrorMapperTests.swift in Sources */,
				F46D22D069E5636CE7E32AC8 /* GitCommandBuilderTests.swift in Sources */,
				A1364B4855C87BEEECF656DE /* ProcessGitClientTests.swift in Sources */,
				BF5F71EF2E43A8654E2F659F /* RepositoryStoreViewModelTests.swift in Sources */,
			);
			runOnlyForDeploymentPostprocessing = 0;
		};
		AAC1B8433B0307E91967923C /* Sources */ = {
			isa = PBXSourcesBuildPhase;
			buildActionMask = 2147483647;
			files = (
				F4DE69CD76C604DFA986C08C /* GitSmokeIntegrationTests.swift in Sources */,
			);
			runOnlyForDeploymentPostprocessing = 0;
		};
/* End PBXSourcesBuildPhase section */

/* Begin PBXTargetDependency section */
		C84B66BF1A5339A57CC266E5 /* PBXTargetDependency */ = {
			isa = PBXTargetDependency;
			target = 733F94097C89678D355D2750 /* GimMac */;
			targetProxy = AFB5D4D9A1D340714D0E03C7 /* PBXContainerItemProxy */;
		};
		CBEAB99D9703A63092FE5398 /* PBXTargetDependency */ = {
			isa = PBXTargetDependency;
			target = 733F94097C89678D355D2750 /* GimMac */;
			targetProxy = 074600EFB53BDC96DA627694 /* PBXContainerItemProxy */;
		};
		ED66246B4CE27E1E8E6D06B6 /* PBXTargetDependency */ = {
			isa = PBXTargetDependency;
			target = 733F94097C89678D355D2750 /* GimMac */;
			targetProxy = E726349E445375373B2070DD /* PBXContainerItemProxy */;
		};
/* End PBXTargetDependency section */

/* Begin XCBuildConfiguration section */
		0763330FBE3B47E28AD64BBD /* Debug */ = {
			isa = XCBuildConfiguration;
			buildSettings = {
				BUNDLE_LOADER = "$(TEST_HOST)";
				COMBINE_HIDPI_IMAGES = YES;
				GENERATE_INFOPLIST_FILE = YES;
				LD_RUNPATH_SEARCH_PATHS = (
					"$(inherited)",
					"@executable_path/../Frameworks",
					"@loader_path/../Frameworks",
				);
				PRODUCT_BUNDLE_IDENTIFIER = io.github.kabirnayeem99.gimmac.integrationtests;
				SDKROOT = macosx;
				TEST_HOST = "$(BUILT_PRODUCTS_DIR)/GimMac.app/Contents/MacOS/GimMac";
			};
			name = Debug;
		};
		4090B4F2B7C3FECD66DA2470 /* Debug */ = {
			isa = XCBuildConfiguration;
			buildSettings = {
				ALWAYS_SEARCH_USER_PATHS = NO;
				ASSETCATALOG_COMPILER_GENERATE_SWIFT_ASSET_SYMBOL_EXTENSIONS = YES;
				CLANG_ANALYZER_LOCALIZABILITY_NONLOCALIZED = YES;
				CLANG_ANALYZER_NONNULL = YES;
				CLANG_ANALYZER_NUMBER_OBJECT_CONVERSION = YES_AGGRESSIVE;
				CLANG_CXX_LANGUAGE_STANDARD = "gnu++14";
				CLANG_CXX_LIBRARY = "libc++";
				CLANG_ENABLE_MODULES = YES;
				CLANG_ENABLE_OBJC_ARC = YES;
				CLANG_ENABLE_OBJC_WEAK = YES;
				CLANG_WARN_BLOCK_CAPTURE_AUTORELEASING = YES;
				CLANG_WARN_BOOL_CONVERSION = YES;
				CLANG_WARN_COMMA = YES;
				CLANG_WARN_CONSTANT_CONVERSION = YES;
				CLANG_WARN_DEPRECATED_OBJC_IMPLEMENTATIONS = YES;
				CLANG_WARN_DIRECT_OBJC_ISA_USAGE = YES_ERROR;
				CLANG_WARN_DOCUMENTATION_COMMENTS = YES;
				CLANG_WARN_EMPTY_BODY = YES;
				CLANG_WARN_ENUM_CONVERSION = YES;
				CLANG_WARN_INFINITE_RECURSION = YES;
				CLANG_WARN_INT_CONVERSION = YES;
				CLANG_WARN_NON_LITERAL_NULL_CONVERSION = YES;
				CLANG_WARN_OBJC_IMPLICIT_RETAIN_SELF = YES;
				CLANG_WARN_OBJC_LITERAL_CONVERSION = YES;
				CLANG_WARN_OBJC_ROOT_CLASS = YES_ERROR;
				CLANG_WARN_QUOTED_INCLUDE_IN_FRAMEWORK_HEADER = YES;
				CLANG_WARN_RANGE_LOOP_ANALYSIS = YES;
				CLANG_WARN_STRICT_PROTOTYPES = YES;
				CLANG_WARN_SUSPICIOUS_MOVE = YES;
				CLANG_WARN_UNGUARDED_AVAILABILITY = YES;
				CLANG_WARN_UNREACHABLE_CODE = YES;
				CLANG_WARN__DUPLICATE_METHOD_MATCH = YES;
				CODE_SIGN_STYLE = Automatic;
				COPY_PHASE_STRIP = NO;
				DEAD_CODE_STRIPPING = YES;
				DEBUG_INFORMATION_FORMAT = dwarf;
				DEVELOPMENT_TEAM = 8B32JSRHMA;
				ENABLE_STRICT_OBJC_MSGSEND = YES;
				ENABLE_TESTABILITY = YES;
				ENABLE_USER_SCRIPT_SANDBOXING = YES;
				GCC_C_LANGUAGE_STANDARD = gnu11;
				GCC_DYNAMIC_NO_PIC = NO;
				GCC_NO_COMMON_BLOCKS = YES;
				GCC_OPTIMIZATION_LEVEL = 0;
				GCC_PREPROCESSOR_DEFINITIONS = (
					"$(inherited)",
					"DEBUG=1",
				);
				GCC_TREAT_WARNINGS_AS_ERRORS = YES;
				GCC_WARN_64_TO_32_BIT_CONVERSION = YES;
				GCC_WARN_ABOUT_RETURN_TYPE = YES_ERROR;
				GCC_WARN_UNDECLARED_SELECTOR = YES;
				GCC_WARN_UNINITIALIZED_AUTOS = YES_AGGRESSIVE;
				GCC_WARN_UNUSED_FUNCTION = YES;
				GCC_WARN_UNUSED_VARIABLE = YES;
				GENERATE_INFOPLIST_FILE = YES;
				MACOSX_DEPLOYMENT_TARGET = 14.0;
				MTL_ENABLE_DEBUG_INFO = INCLUDE_SOURCE;
				MTL_FAST_MATH = YES;
				ONLY_ACTIVE_ARCH = YES;
				OTHER_SWIFT_FLAGS = "$(inherited) -warnings-as-errors";
				PRODUCT_NAME = "$(TARGET_NAME)";
				SDKROOT = macosx;
				STRING_CATALOG_GENERATE_SYMBOLS = YES;
				SWIFT_ACTIVE_COMPILATION_CONDITIONS = DEBUG;
				SWIFT_OPTIMIZATION_LEVEL = "-Onone";
				SWIFT_STRICT_CONCURRENCY = complete;
				SWIFT_TREAT_WARNINGS_AS_ERRORS = YES;
				SWIFT_VERSION = 5.1;
			};
			name = Debug;
		};
		50F1C1E3A08CC01E69C8084A /* Debug */ = {
			isa = XCBuildConfiguration;
			buildSettings = {
				BUNDLE_LOADER = "$(TEST_HOST)";
				COMBINE_HIDPI_IMAGES = YES;
				GENERATE_INFOPLIST_FILE = YES;
				LD_RUNPATH_SEARCH_PATHS = (
					"$(inherited)",
					"@executable_path/../Frameworks",
					"@loader_path/../Frameworks",
				);
				PRODUCT_BUNDLE_IDENTIFIER = io.github.kabirnayeem99.gimmac.tests;
				SDKROOT = macosx;
				TEST_HOST = "$(BUILT_PRODUCTS_DIR)/GimMac.app/Contents/MacOS/GimMac";
			};
			name = Debug;
		};
		71B4FD3C7B79F6D1FF82936A /* Release */ = {
			isa = XCBuildConfiguration;
			buildSettings = {
				BUNDLE_LOADER = "$(TEST_HOST)";
				COMBINE_HIDPI_IMAGES = YES;
				GENERATE_INFOPLIST_FILE = YES;
				LD_RUNPATH_SEARCH_PATHS = (
					"$(inherited)",
					"@executable_path/../Frameworks",
					"@loader_path/../Frameworks",
				);
				PRODUCT_BUNDLE_IDENTIFIER = io.github.kabirnayeem99.gimmac.tests;
				SDKROOT = macosx;
				TEST_HOST = "$(BUILT_PRODUCTS_DIR)/GimMac.app/Contents/MacOS/GimMac";
			};
			name = Release;
		};
		7754E578EC1E7B8EA99D514E /* Release */ = {
			isa = XCBuildConfiguration;
			buildSettings = {
				ASSETCATALOG_COMPILER_APPICON_NAME = AppIcon;
				COMBINE_HIDPI_IMAGES = YES;
				INFOPLIST_KEY_CFBundleDisplayName = GimMac;
				INFOPLIST_KEY_LSApplicationCategoryType = "public.app-category.developer-tools";
				INFOPLIST_KEY_LSBackgroundOnly = NO;
				INFOPLIST_KEY_LSUIElement = NO;
				INFOPLIST_KEY_NSHumanReadableCopyright = "Copyright © 2026";
				LD_RUNPATH_SEARCH_PATHS = (
					"$(inherited)",
					"@executable_path/../Frameworks",
				);
				PRODUCT_BUNDLE_IDENTIFIER = io.github.kabirnayeem99.gimmac;
				PRODUCT_NAME = GimMac;
				SDKROOT = macosx;
			};
			name = Release;
		};
		90F5E1F6B7E68E176F1D76D2 /* Debug */ = {
			isa = XCBuildConfiguration;
			buildSettings = {
				ASSETCATALOG_COMPILER_APPICON_NAME = AppIcon;
				COMBINE_HIDPI_IMAGES = YES;
				INFOPLIST_KEY_CFBundleDisplayName = GimMac;
				INFOPLIST_KEY_LSApplicationCategoryType = "public.app-category.developer-tools";
				INFOPLIST_KEY_LSBackgroundOnly = NO;
				INFOPLIST_KEY_LSUIElement = NO;
				INFOPLIST_KEY_NSHumanReadableCopyright = "Copyright © 2026";
				LD_RUNPATH_SEARCH_PATHS = (
					"$(inherited)",
					"@executable_path/../Frameworks",
				);
				PRODUCT_BUNDLE_IDENTIFIER = io.github.kabirnayeem99.gimmac;
				PRODUCT_NAME = GimMac;
				SDKROOT = macosx;
			};
			name = Debug;
		};
		96E667A4316FE14B27B064C1 /* Release */ = {
			isa = XCBuildConfiguration;
			buildSettings = {
				BUNDLE_LOADER = "$(TEST_HOST)";
				COMBINE_HIDPI_IMAGES = YES;
				GENERATE_INFOPLIST_FILE = YES;
				LD_RUNPATH_SEARCH_PATHS = (
					"$(inherited)",
					"@executable_path/../Frameworks",
					"@loader_path/../Frameworks",
				);
				PRODUCT_BUNDLE_IDENTIFIER = io.github.kabirnayeem99.gimmac.integrationtests;
				SDKROOT = macosx;
				TEST_HOST = "$(BUILT_PRODUCTS_DIR)/GimMac.app/Contents/MacOS/GimMac";
			};
			name = Release;
		};
		A754221CB82B80D9064E650D /* Release */ = {
			isa = XCBuildConfiguration;
			buildSettings = {
				ALWAYS_SEARCH_USER_PATHS = NO;
				ASSETCATALOG_COMPILER_GENERATE_SWIFT_ASSET_SYMBOL_EXTENSIONS = YES;
				CLANG_ANALYZER_LOCALIZABILITY_NONLOCALIZED = YES;
				CLANG_ANALYZER_NONNULL = YES;
				CLANG_ANALYZER_NUMBER_OBJECT_CONVERSION = YES_AGGRESSIVE;
				CLANG_CXX_LANGUAGE_STANDARD = "gnu++14";
				CLANG_CXX_LIBRARY = "libc++";
				CLANG_ENABLE_MODULES = YES;
				CLANG_ENABLE_OBJC_ARC = YES;
				CLANG_ENABLE_OBJC_WEAK = YES;
				CLANG_WARN_BLOCK_CAPTURE_AUTORELEASING = YES;
				CLANG_WARN_BOOL_CONVERSION = YES;
				CLANG_WARN_COMMA = YES;
				CLANG_WARN_CONSTANT_CONVERSION = YES;
				CLANG_WARN_DEPRECATED_OBJC_IMPLEMENTATIONS = YES;
				CLANG_WARN_DIRECT_OBJC_ISA_USAGE = YES_ERROR;
				CLANG_WARN_DOCUMENTATION_COMMENTS = YES;
				CLANG_WARN_EMPTY_BODY = YES;
				CLANG_WARN_ENUM_CONVERSION = YES;
				CLANG_WARN_INFINITE_RECURSION = YES;
				CLANG_WARN_INT_CONVERSION = YES;
				CLANG_WARN_NON_LITERAL_NULL_CONVERSION = YES;
				CLANG_WARN_OBJC_IMPLICIT_RETAIN_SELF = YES;
				CLANG_WARN_OBJC_LITERAL_CONVERSION = YES;
				CLANG_WARN_OBJC_ROOT_CLASS = YES_ERROR;
				CLANG_WARN_QUOTED_INCLUDE_IN_FRAMEWORK_HEADER = YES;
				CLANG_WARN_RANGE_LOOP_ANALYSIS = YES;
				CLANG_WARN_STRICT_PROTOTYPES = YES;
				CLANG_WARN_SUSPICIOUS_MOVE = YES;
				CLANG_WARN_UNGUARDED_AVAILABILITY = YES;
				CLANG_WARN_UNREACHABLE_CODE = YES;
				CLANG_WARN__DUPLICATE_METHOD_MATCH = YES;
				CODE_SIGN_STYLE = Automatic;
				COPY_PHASE_STRIP = NO;
				DEAD_CODE_STRIPPING = YES;
				DEBUG_INFORMATION_FORMAT = "dwarf-with-dsym";
				DEVELOPMENT_TEAM = 8B32JSRHMA;
				ENABLE_NS_ASSERTIONS = NO;
				ENABLE_STRICT_OBJC_MSGSEND = YES;
				ENABLE_USER_SCRIPT_SANDBOXING = YES;
				GCC_C_LANGUAGE_STANDARD = gnu11;
				GCC_NO_COMMON_BLOCKS = YES;
				GCC_TREAT_WARNINGS_AS_ERRORS = YES;
				GCC_WARN_64_TO_32_BIT_CONVERSION = YES;
				GCC_WARN_ABOUT_RETURN_TYPE = YES_ERROR;
				GCC_WARN_UNDECLARED_SELECTOR = YES;
				GCC_WARN_UNINITIALIZED_AUTOS = YES_AGGRESSIVE;
				GCC_WARN_UNUSED_FUNCTION = YES;
				GCC_WARN_UNUSED_VARIABLE = YES;
				GENERATE_INFOPLIST_FILE = YES;
				MACOSX_DEPLOYMENT_TARGET = 14.0;
				MTL_ENABLE_DEBUG_INFO = NO;
				MTL_FAST_MATH = YES;
				OTHER_SWIFT_FLAGS = "$(inherited) -warnings-as-errors";
				PRODUCT_NAME = "$(TARGET_NAME)";
				SDKROOT = macosx;
				STRING_CATALOG_GENERATE_SYMBOLS = YES;
				SWIFT_COMPILATION_MODE = wholemodule;
				SWIFT_OPTIMIZATION_LEVEL = "-O";
				SWIFT_STRICT_CONCURRENCY = complete;
				SWIFT_TREAT_WARNINGS_AS_ERRORS = YES;
				SWIFT_VERSION = 5.1;
			};
			name = Release;
		};
		A99B13239699D4FE99C0D5F8 /* Release */ = {
			isa = XCBuildConfiguration;
			buildSettings = {
				BUNDLE_LOADER = "$(TEST_HOST)";
				COMBINE_HIDPI_IMAGES = YES;
				GENERATE_INFOPLIST_FILE = YES;
				LD_RUNPATH_SEARCH_PATHS = (
					"$(inherited)",
					"@executable_path/Frameworks",
					"@loader_path/Frameworks",
				);
				PRODUCT_BUNDLE_IDENTIFIER = io.github.kabirnayeem99.gimmac.uitests;
				SDKROOT = macosx;
				TEST_TARGET_NAME = GimMac;
			};
			name = Release;
		};
		AABE604E17493F775C364CB5 /* Debug */ = {
			isa = XCBuildConfiguration;
			buildSettings = {
				BUNDLE_LOADER = "$(TEST_HOST)";
				COMBINE_HIDPI_IMAGES = YES;
				GENERATE_INFOPLIST_FILE = YES;
				LD_RUNPATH_SEARCH_PATHS = (
					"$(inherited)",
					"@executable_path/Frameworks",
					"@loader_path/Frameworks",
				);
				PRODUCT_BUNDLE_IDENTIFIER = io.github.kabirnayeem99.gimmac.uitests;
				SDKROOT = macosx;
				TEST_TARGET_NAME = GimMac;
			};
			name = Debug;
		};
/* End XCBuildConfiguration section */

/* Begin XCConfigurationList section */
		323CFE069581E9FAD9EE8185 /* Build configuration list for PBXNativeTarget "GimMac" */ = {
			isa = XCConfigurationList;
			buildConfigurations = (
				90F5E1F6B7E68E176F1D76D2 /* Debug */,
				7754E578EC1E7B8EA99D514E /* Release */,
			);
			defaultConfigurationIsVisible = 0;
			defaultConfigurationName = Debug;
		};
		6D9BE02B3664CA787DE1412A /* Build configuration list for PBXNativeTarget "GimMacUITests" */ = {
			isa = XCConfigurationList;
			buildConfigurations = (
				AABE604E17493F775C364CB5 /* Debug */,
				A99B13239699D4FE99C0D5F8 /* Release */,
			);
			defaultConfigurationIsVisible = 0;
			defaultConfigurationName = Debug;
		};
		C2847D95FD069E354EC0B5BD /* Build configuration list for PBXNativeTarget "GimMacTests" */ = {
			isa = XCConfigurationList;
			buildConfigurations = (
				50F1C1E3A08CC01E69C8084A /* Debug */,
				71B4FD3C7B79F6D1FF82936A /* Release */,
			);
			defaultConfigurationIsVisible = 0;
			defaultConfigurationName = Debug;
		};
		E117A3246B9BD1F1AA704B83 /* Build configuration list for PBXProject "GimMac" */ = {
			isa = XCConfigurationList;
			buildConfigurations = (
				4090B4F2B7C3FECD66DA2470 /* Debug */,
				A754221CB82B80D9064E650D /* Release */,
			);
			defaultConfigurationIsVisible = 0;
			defaultConfigurationName = Debug;
		};
		E497FBB0076927BA3C8583ED /* Build configuration list for PBXNativeTarget "GimMacIntegrationTests" */ = {
			isa = XCConfigurationList;
			buildConfigurations = (
				0763330FBE3B47E28AD64BBD /* Debug */,
				96E667A4316FE14B27B064C1 /* Release */,
			);
			defaultConfigurationIsVisible = 0;
			defaultConfigurationName = Debug;
		};
/* End XCConfigurationList section */
	};
	rootObject = B9F618E025F935A140EF17AE /* Project object */;
}
